// !$*UTF8*$!
{
	archiveVersion = 1;
	classes = {
	};
	objectVersion = 48;
	objects = {

/* Begin PBXBuildFile section */
		59C936E37A5B876EDA6334AD /* Pods_marvelproj.framework in Frameworks */ = {isa = PBXBuildFile; fileRef = C0FA85213925C92F2E1DE859 /* Pods_marvelproj.framework */; };
		F00F59E4209F609400C7EFDB /* MarvelCharDetailViewController.swift in Sources */ = {isa = PBXBuildFile; fileRef = F00F59E3209F609400C7EFDB /* MarvelCharDetailViewController.swift */; };
		F00F59E6209F610F00C7EFDB /* CharacterDetailView.swift in Sources */ = {isa = PBXBuildFile; fileRef = F00F59E5209F610F00C7EFDB /* CharacterDetailView.swift */; };
		F00F59E8209F683900C7EFDB /* MarvelRouter.swift in Sources */ = {isa = PBXBuildFile; fileRef = F00F59E7209F683900C7EFDB /* MarvelRouter.swift */; };
		F00F59EA209F745D00C7EFDB /* Story.swift in Sources */ = {isa = PBXBuildFile; fileRef = F00F59E9209F745D00C7EFDB /* Story.swift */; };
		F00F59EC209FC22800C7EFDB /* StoriesView.swift in Sources */ = {isa = PBXBuildFile; fileRef = F00F59EB209FC22800C7EFDB /* StoriesView.swift */; };
		F00F59EE209FDBDC00C7EFDB /* Comics.swift in Sources */ = {isa = PBXBuildFile; fileRef = F00F59ED209FDBDC00C7EFDB /* Comics.swift */; };
		F00F59F0209FE9C800C7EFDB /* ComicsCollectionViewDataSource.swift in Sources */ = {isa = PBXBuildFile; fileRef = F00F59EF209FE9C800C7EFDB /* ComicsCollectionViewDataSource.swift */; };
		F00FD6A3209FEC4F0018ECF0 /* ComicsCollectionViewCell.swift in Sources */ = {isa = PBXBuildFile; fileRef = F00FD6A1209FEC4F0018ECF0 /* ComicsCollectionViewCell.swift */; };
		F00FD6A4209FEC4F0018ECF0 /* ComicsCollectionViewCell.xib in Resources */ = {isa = PBXBuildFile; fileRef = F00FD6A2209FEC4F0018ECF0 /* ComicsCollectionViewCell.xib */; };
		F0765EA7209D41A400AA10F1 /* CharacterTableViewCell.swift in Sources */ = {isa = PBXBuildFile; fileRef = F0765EA5209D41A400AA10F1 /* CharacterTableViewCell.swift */; };
		F0765EA8209D41A400AA10F1 /* CharacterTableViewCell.xib in Resources */ = {isa = PBXBuildFile; fileRef = F0765EA6209D41A400AA10F1 /* CharacterTableViewCell.xib */; };
		F0765EB3209D444100AA10F1 /* circular-black-italic.otf in Resources */ = {isa = PBXBuildFile; fileRef = F0765EB1209D443800AA10F1 /* circular-black-italic.otf */; };
		F0765EB4209D444400AA10F1 /* circular-black.otf in Resources */ = {isa = PBXBuildFile; fileRef = F0765EB0209D443800AA10F1 /* circular-black.otf */; };
		F0765EB5209D444600AA10F1 /* circular-bold-italic.otf in Resources */ = {isa = PBXBuildFile; fileRef = F0765EAC209D443800AA10F1 /* circular-bold-italic.otf */; };
		F0765EB6209D444900AA10F1 /* circular-bold.otf in Resources */ = {isa = PBXBuildFile; fileRef = F0765EAE209D443800AA10F1 /* circular-bold.otf */; };
		F0765EB7209D444C00AA10F1 /* circular-book-italic.otf in Resources */ = {isa = PBXBuildFile; fileRef = F0765EAD209D443800AA10F1 /* circular-book-italic.otf */; };
		F0765EB8209D444E00AA10F1 /* circular-book.otf in Resources */ = {isa = PBXBuildFile; fileRef = F0765EB2209D443900AA10F1 /* circular-book.otf */; };
		F0765EB9209D445100AA10F1 /* circular-medium-italic.otf in Resources */ = {isa = PBXBuildFile; fileRef = F0765EAF209D443800AA10F1 /* circular-medium-italic.otf */; };
		F0765EBA209D445400AA10F1 /* circular-medium.otf in Resources */ = {isa = PBXBuildFile; fileRef = F0765EAB209D443800AA10F1 /* circular-medium.otf */; };
		F0765EBE209D4DDC00AA10F1 /* MarvelCharViewController.swift in Sources */ = {isa = PBXBuildFile; fileRef = F0765EBD209D4DDC00AA10F1 /* MarvelCharViewController.swift */; };
		F0765EC2209D4ED600AA10F1 /* strings.plist in Resources */ = {isa = PBXBuildFile; fileRef = F0765EC1209D4ED600AA10F1 /* strings.plist */; };
		F0765EC4209D4F0D00AA10F1 /* MarvelService.swift in Sources */ = {isa = PBXBuildFile; fileRef = F0765EC3209D4F0D00AA10F1 /* MarvelService.swift */; };
		F0765EC6209D4F4900AA10F1 /* MarvelCharInteractor.swift in Sources */ = {isa = PBXBuildFile; fileRef = F0765EC5209D4F4900AA10F1 /* MarvelCharInteractor.swift */; };
		F0765EC9209D553C00AA10F1 /* Character.swift in Sources */ = {isa = PBXBuildFile; fileRef = F0765EC8209D553C00AA10F1 /* Character.swift */; };
		F0765ECD209DD6B600AA10F1 /* Thumbnail.swift in Sources */ = {isa = PBXBuildFile; fileRef = F0765ECC209DD6B600AA10F1 /* Thumbnail.swift */; };
		F0765ED0209DDBF500AA10F1 /* UIImageView+Alamofire.swift in Sources */ = {isa = PBXBuildFile; fileRef = F0765ECF209DDBF500AA10F1 /* UIImageView+Alamofire.swift */; };
		F0765ED7209DF0A300AA10F1 /* CharacterCollectionViewCell.swift in Sources */ = {isa = PBXBuildFile; fileRef = F0765ED5209DF0A300AA10F1 /* CharacterCollectionViewCell.swift */; };
		F0765ED8209DF0A300AA10F1 /* CharacterCollectionViewCell.xib in Resources */ = {isa = PBXBuildFile; fileRef = F0765ED6209DF0A300AA10F1 /* CharacterCollectionViewCell.xib */; };
		F0765EDB209E378700AA10F1 /* MarvelCharFavoriteCollectionViewCell.swift in Sources */ = {isa = PBXBuildFile; fileRef = F0765ED9209E378700AA10F1 /* MarvelCharFavoriteCollectionViewCell.swift */; };
		F0765EDC209E378700AA10F1 /* MarvelCharFavoriteCollectionViewCell.xib in Resources */ = {isa = PBXBuildFile; fileRef = F0765EDA209E378700AA10F1 /* MarvelCharFavoriteCollectionViewCell.xib */; };
		F0A516DD209E9E20003A6436 /* CharacterCollectionViewDataSource.swift in Sources */ = {isa = PBXBuildFile; fileRef = F0A516DC209E9E20003A6436 /* CharacterCollectionViewDataSource.swift */; };
		F0A516DF209EA364003A6436 /* CharacterFavoriteCollectionViewDataSource.swift in Sources */ = {isa = PBXBuildFile; fileRef = F0A516DE209EA364003A6436 /* CharacterFavoriteCollectionViewDataSource.swift */; };
		F0A516E1209F4981003A6436 /* CharactersCollectionDataSourceInterface.swift in Sources */ = {isa = PBXBuildFile; fileRef = F0A516E0209F4981003A6436 /* CharactersCollectionDataSourceInterface.swift */; };
		F0B1CC46209E7EA200E1A5FA /* MarvelSearchCharViewController.swift in Sources */ = {isa = PBXBuildFile; fileRef = F0B1CC45209E7EA200E1A5FA /* MarvelSearchCharViewController.swift */; };
		F0DE0A03209D346E0006CDC2 /* AppDelegate.swift in Sources */ = {isa = PBXBuildFile; fileRef = F0DE0A02209D346E0006CDC2 /* AppDelegate.swift */; };
		F0DE0A05209D346E0006CDC2 /* ViewController.swift in Sources */ = {isa = PBXBuildFile; fileRef = F0DE0A04209D346E0006CDC2 /* ViewController.swift */; };
		F0DE0A08209D346E0006CDC2 /* Main.storyboard in Resources */ = {isa = PBXBuildFile; fileRef = F0DE0A06209D346E0006CDC2 /* Main.storyboard */; };
		F0DE0A0A209D346E0006CDC2 /* Assets.xcassets in Resources */ = {isa = PBXBuildFile; fileRef = F0DE0A09209D346E0006CDC2 /* Assets.xcassets */; };
		F0DE0A0D209D346E0006CDC2 /* LaunchScreen.storyboard in Resources */ = {isa = PBXBuildFile; fileRef = F0DE0A0B209D346E0006CDC2 /* LaunchScreen.storyboard */; };
		F0DE0A18209D346E0006CDC2 /* marvelprojTests.swift in Sources */ = {isa = PBXBuildFile; fileRef = F0DE0A17209D346E0006CDC2 /* marvelprojTests.swift */; };
		F39DFD25AE51C16C450A698D /* Pods_marvelprojTests.framework in Frameworks */ = {isa = PBXBuildFile; fileRef = ED5933A7200A0F1F3FE04B95 /* Pods_marvelprojTests.framework */; };
/* End PBXBuildFile section */

/* Begin PBXContainerItemProxy section */
		F0DE0A14209D346E0006CDC2 /* PBXContainerItemProxy */ = {
			isa = PBXContainerItemProxy;
			containerPortal = F0DE09F7209D346D0006CDC2 /* Project object */;
			proxyType = 1;
			remoteGlobalIDString = F0DE09FE209D346E0006CDC2;
			remoteInfo = marvelproj;
		};
/* End PBXContainerItemProxy section */

/* Begin PBXFileReference section */
		19E7466155799D12C2A98E7B /* Pods-marvelproj.release.xcconfig */ = {isa = PBXFileReference; includeInIndex = 1; lastKnownFileType = text.xcconfig; name = "Pods-marvelproj.release.xcconfig"; path = "Pods/Target Support Files/Pods-marvelproj/Pods-marvelproj.release.xcconfig"; sourceTree = "<group>"; };
		3D81379AA7B4DA6C1D05B143 /* Pods-marvelprojTests.release.xcconfig */ = {isa = PBXFileReference; includeInIndex = 1; lastKnownFileType = text.xcconfig; name = "Pods-marvelprojTests.release.xcconfig"; path = "Pods/Target Support Files/Pods-marvelprojTests/Pods-marvelprojTests.release.xcconfig"; sourceTree = "<group>"; };
		3EF0931F784B45BAAE95CDF2 /* Pods-marvelproj.debug.xcconfig */ = {isa = PBXFileReference; includeInIndex = 1; lastKnownFileType = text.xcconfig; name = "Pods-marvelproj.debug.xcconfig"; path = "Pods/Target Support Files/Pods-marvelproj/Pods-marvelproj.debug.xcconfig"; sourceTree = "<group>"; };
		C0FA85213925C92F2E1DE859 /* Pods_marvelproj.framework */ = {isa = PBXFileReference; explicitFileType = wrapper.framework; includeInIndex = 0; path = Pods_marvelproj.framework; sourceTree = BUILT_PRODUCTS_DIR; };
		ED5933A7200A0F1F3FE04B95 /* Pods_marvelprojTests.framework */ = {isa = PBXFileReference; explicitFileType = wrapper.framework; includeInIndex = 0; path = Pods_marvelprojTests.framework; sourceTree = BUILT_PRODUCTS_DIR; };
		F00F59E3209F609400C7EFDB /* MarvelCharDetailViewController.swift */ = {isa = PBXFileReference; lastKnownFileType = sourcecode.swift; path = MarvelCharDetailViewController.swift; sourceTree = "<group>"; };
		F00F59E5209F610F00C7EFDB /* CharacterDetailView.swift */ = {isa = PBXFileReference; lastKnownFileType = sourcecode.swift; path = CharacterDetailView.swift; sourceTree = "<group>"; };
		F00F59E7209F683900C7EFDB /* MarvelRouter.swift */ = {isa = PBXFileReference; lastKnownFileType = sourcecode.swift; path = MarvelRouter.swift; sourceTree = "<group>"; };
		F00F59E9209F745D00C7EFDB /* Story.swift */ = {isa = PBXFileReference; lastKnownFileType = sourcecode.swift; path = Story.swift; sourceTree = "<group>"; };
		F00F59EB209FC22800C7EFDB /* StoriesView.swift */ = {isa = PBXFileReference; lastKnownFileType = sourcecode.swift; path = StoriesView.swift; sourceTree = "<group>"; };
		F00F59ED209FDBDC00C7EFDB /* Comics.swift */ = {isa = PBXFileReference; lastKnownFileType = sourcecode.swift; path = Comics.swift; sourceTree = "<group>"; };
		F00F59EF209FE9C800C7EFDB /* ComicsCollectionViewDataSource.swift */ = {isa = PBXFileReference; lastKnownFileType = sourcecode.swift; path = ComicsCollectionViewDataSource.swift; sourceTree = "<group>"; };
		F00FD6A1209FEC4F0018ECF0 /* ComicsCollectionViewCell.swift */ = {isa = PBXFileReference; lastKnownFileType = sourcecode.swift; path = ComicsCollectionViewCell.swift; sourceTree = "<group>"; };
		F00FD6A2209FEC4F0018ECF0 /* ComicsCollectionViewCell.xib */ = {isa = PBXFileReference; lastKnownFileType = file.xib; path = ComicsCollectionViewCell.xib; sourceTree = "<group>"; };
		F0765EA5209D41A400AA10F1 /* CharacterTableViewCell.swift */ = {isa = PBXFileReference; lastKnownFileType = sourcecode.swift; path = CharacterTableViewCell.swift; sourceTree = "<group>"; };
		F0765EA6209D41A400AA10F1 /* CharacterTableViewCell.xib */ = {isa = PBXFileReference; lastKnownFileType = file.xib; path = CharacterTableViewCell.xib; sourceTree = "<group>"; };
		F0765EAB209D443800AA10F1 /* circular-medium.otf */ = {isa = PBXFileReference; lastKnownFileType = file; path = "circular-medium.otf"; sourceTree = "<group>"; };
		F0765EAC209D443800AA10F1 /* circular-bold-italic.otf */ = {isa = PBXFileReference; lastKnownFileType = file; path = "circular-bold-italic.otf"; sourceTree = "<group>"; };
		F0765EAD209D443800AA10F1 /* circular-book-italic.otf */ = {isa = PBXFileReference; lastKnownFileType = file; path = "circular-book-italic.otf"; sourceTree = "<group>"; };
		F0765EAE209D443800AA10F1 /* circular-bold.otf */ = {isa = PBXFileReference; lastKnownFileType = file; path = "circular-bold.otf"; sourceTree = "<group>"; };
		F0765EAF209D443800AA10F1 /* circular-medium-italic.otf */ = {isa = PBXFileReference; lastKnownFileType = file; path = "circular-medium-italic.otf"; sourceTree = "<group>"; };
		F0765EB0209D443800AA10F1 /* circular-black.otf */ = {isa = PBXFileReference; lastKnownFileType = file; path = "circular-black.otf"; sourceTree = "<group>"; };
		F0765EB1209D443800AA10F1 /* circular-black-italic.otf */ = {isa = PBXFileReference; lastKnownFileType = file; path = "circular-black-italic.otf"; sourceTree = "<group>"; };
		F0765EB2209D443900AA10F1 /* circular-book.otf */ = {isa = PBXFileReference; lastKnownFileType = file; path = "circular-book.otf"; sourceTree = "<group>"; };
		F0765EBD209D4DDC00AA10F1 /* MarvelCharViewController.swift */ = {isa = PBXFileReference; lastKnownFileType = sourcecode.swift; path = MarvelCharViewController.swift; sourceTree = "<group>"; };
		F0765EC1209D4ED600AA10F1 /* strings.plist */ = {isa = PBXFileReference; lastKnownFileType = text.plist.xml; path = strings.plist; sourceTree = "<group>"; };
		F0765EC3209D4F0D00AA10F1 /* MarvelService.swift */ = {isa = PBXFileReference; lastKnownFileType = sourcecode.swift; path = MarvelService.swift; sourceTree = "<group>"; };
		F0765EC5209D4F4900AA10F1 /* MarvelCharInteractor.swift */ = {isa = PBXFileReference; lastKnownFileType = sourcecode.swift; path = MarvelCharInteractor.swift; sourceTree = "<group>"; };
		F0765EC8209D553C00AA10F1 /* Character.swift */ = {isa = PBXFileReference; lastKnownFileType = sourcecode.swift; path = Character.swift; sourceTree = "<group>"; };
		F0765ECC209DD6B600AA10F1 /* Thumbnail.swift */ = {isa = PBXFileReference; lastKnownFileType = sourcecode.swift; path = Thumbnail.swift; sourceTree = "<group>"; };
		F0765ECF209DDBF500AA10F1 /* UIImageView+Alamofire.swift */ = {isa = PBXFileReference; lastKnownFileType = sourcecode.swift; path = "UIImageView+Alamofire.swift"; sourceTree = "<group>"; };
		F0765ED1209DE37000AA10F1 /* marvelproj-Bridging-Header.h */ = {isa = PBXFileReference; lastKnownFileType = sourcecode.c.h; path = "marvelproj-Bridging-Header.h"; sourceTree = "<group>"; };
		F0765ED5209DF0A300AA10F1 /* CharacterCollectionViewCell.swift */ = {isa = PBXFileReference; lastKnownFileType = sourcecode.swift; path = CharacterCollectionViewCell.swift; sourceTree = "<group>"; };
		F0765ED6209DF0A300AA10F1 /* CharacterCollectionViewCell.xib */ = {isa = PBXFileReference; lastKnownFileType = file.xib; path = CharacterCollectionViewCell.xib; sourceTree = "<group>"; };
		F0765ED9209E378700AA10F1 /* MarvelCharFavoriteCollectionViewCell.swift */ = {isa = PBXFileReference; lastKnownFileType = sourcecode.swift; path = MarvelCharFavoriteCollectionViewCell.swift; sourceTree = "<group>"; };
		F0765EDA209E378700AA10F1 /* MarvelCharFavoriteCollectionViewCell.xib */ = {isa = PBXFileReference; lastKnownFileType = file.xib; path = MarvelCharFavoriteCollectionViewCell.xib; sourceTree = "<group>"; };
		F0A516DC209E9E20003A6436 /* CharacterCollectionViewDataSource.swift */ = {isa = PBXFileReference; lastKnownFileType = sourcecode.swift; path = CharacterCollectionViewDataSource.swift; sourceTree = "<group>"; };
		F0A516DE209EA364003A6436 /* CharacterFavoriteCollectionViewDataSource.swift */ = {isa = PBXFileReference; lastKnownFileType = sourcecode.swift; path = CharacterFavoriteCollectionViewDataSource.swift; sourceTree = "<group>"; };
		F0A516E0209F4981003A6436 /* CharactersCollectionDataSourceInterface.swift */ = {isa = PBXFileReference; lastKnownFileType = sourcecode.swift; path = CharactersCollectionDataSourceInterface.swift; sourceTree = "<group>"; };
		F0B1CC45209E7EA200E1A5FA /* MarvelSearchCharViewController.swift */ = {isa = PBXFileReference; lastKnownFileType = sourcecode.swift; path = MarvelSearchCharViewController.swift; sourceTree = "<group>"; };
		F0DE09FF209D346E0006CDC2 /* marvelproj.app */ = {isa = PBXFileReference; explicitFileType = wrapper.application; includeInIndex = 0; path = marvelproj.app; sourceTree = BUILT_PRODUCTS_DIR; };
		F0DE0A02209D346E0006CDC2 /* AppDelegate.swift */ = {isa = PBXFileReference; lastKnownFileType = sourcecode.swift; path = AppDelegate.swift; sourceTree = "<group>"; };
		F0DE0A04209D346E0006CDC2 /* ViewController.swift */ = {isa = PBXFileReference; lastKnownFileType = sourcecode.swift; path = ViewController.swift; sourceTree = "<group>"; };
		F0DE0A07209D346E0006CDC2 /* Base */ = {isa = PBXFileReference; lastKnownFileType = file.storyboard; name = Base; path = Base.lproj/Main.storyboard; sourceTree = "<group>"; };
		F0DE0A09209D346E0006CDC2 /* Assets.xcassets */ = {isa = PBXFileReference; lastKnownFileType = folder.assetcatalog; path = Assets.xcassets; sourceTree = "<group>"; };
		F0DE0A0C209D346E0006CDC2 /* Base */ = {isa = PBXFileReference; lastKnownFileType = file.storyboard; name = Base; path = Base.lproj/LaunchScreen.storyboard; sourceTree = "<group>"; };
		F0DE0A0E209D346E0006CDC2 /* Info.plist */ = {isa = PBXFileReference; lastKnownFileType = text.plist.xml; path = Info.plist; sourceTree = "<group>"; };
		F0DE0A13209D346E0006CDC2 /* marvelprojTests.xctest */ = {isa = PBXFileReference; explicitFileType = wrapper.cfbundle; includeInIndex = 0; path = marvelprojTests.xctest; sourceTree = BUILT_PRODUCTS_DIR; };
		F0DE0A17209D346E0006CDC2 /* marvelprojTests.swift */ = {isa = PBXFileReference; lastKnownFileType = sourcecode.swift; path = marvelprojTests.swift; sourceTree = "<group>"; };
		F0DE0A19209D346E0006CDC2 /* Info.plist */ = {isa = PBXFileReference; lastKnownFileType = text.plist.xml; path = Info.plist; sourceTree = "<group>"; };
		FDF099E1D4D3881BBEE5E140 /* Pods-marvelprojTests.debug.xcconfig */ = {isa = PBXFileReference; includeInIndex = 1; lastKnownFileType = text.xcconfig; name = "Pods-marvelprojTests.debug.xcconfig"; path = "Pods/Target Support Files/Pods-marvelprojTests/Pods-marvelprojTests.debug.xcconfig"; sourceTree = "<group>"; };
/* End PBXFileReference section */

/* Begin PBXFrameworksBuildPhase section */
		F0DE09FC209D346E0006CDC2 /* Frameworks */ = {
			isa = PBXFrameworksBuildPhase;
			buildActionMask = 2147483647;
			files = (
				59C936E37A5B876EDA6334AD /* Pods_marvelproj.framework in Frameworks */,
			);
			runOnlyForDeploymentPostprocessing = 0;
		};
		F0DE0A10209D346E0006CDC2 /* Frameworks */ = {
			isa = PBXFrameworksBuildPhase;
			buildActionMask = 2147483647;
			files = (
				F39DFD25AE51C16C450A698D /* Pods_marvelprojTests.framework in Frameworks */,
			);
			runOnlyForDeploymentPostprocessing = 0;
		};
/* End PBXFrameworksBuildPhase section */

/* Begin PBXGroup section */
		15AC8A6D53A30CAA99F87EDE /* Pods */ = {
			isa = PBXGroup;
			children = (
				3EF0931F784B45BAAE95CDF2 /* Pods-marvelproj.debug.xcconfig */,
				19E7466155799D12C2A98E7B /* Pods-marvelproj.release.xcconfig */,
				FDF099E1D4D3881BBEE5E140 /* Pods-marvelprojTests.debug.xcconfig */,
				3D81379AA7B4DA6C1D05B143 /* Pods-marvelprojTests.release.xcconfig */,
			);
			name = Pods;
			sourceTree = "<group>";
		};
		1A529E315A1625805718356F /* Frameworks */ = {
			isa = PBXGroup;
			children = (
				C0FA85213925C92F2E1DE859 /* Pods_marvelproj.framework */,
				ED5933A7200A0F1F3FE04B95 /* Pods_marvelprojTests.framework */,
			);
			name = Frameworks;
			sourceTree = "<group>";
		};
		F00F59E2209F5C1F00C7EFDB /* router */ = {
			isa = PBXGroup;
			children = (
				F00F59E7209F683900C7EFDB /* MarvelRouter.swift */,
			);
			path = router;
			sourceTree = "<group>";
		};
		F0765EA4209D3FF800AA10F1 /* xibs */ = {
			isa = PBXGroup;
			children = (
				F0765EA5209D41A400AA10F1 /* CharacterTableViewCell.swift */,
				F0765EA6209D41A400AA10F1 /* CharacterTableViewCell.xib */,
				F0765ED5209DF0A300AA10F1 /* CharacterCollectionViewCell.swift */,
				F0765ED6209DF0A300AA10F1 /* CharacterCollectionViewCell.xib */,
				F0765ED9209E378700AA10F1 /* MarvelCharFavoriteCollectionViewCell.swift */,
				F0765EDA209E378700AA10F1 /* MarvelCharFavoriteCollectionViewCell.xib */,
				F00F59E5209F610F00C7EFDB /* CharacterDetailView.swift */,
				F00F59EB209FC22800C7EFDB /* StoriesView.swift */,
				F00FD6A1209FEC4F0018ECF0 /* ComicsCollectionViewCell.swift */,
				F00FD6A2209FEC4F0018ECF0 /* ComicsCollectionViewCell.xib */,
			);
			path = xibs;
			sourceTree = "<group>";
		};
		F0765EA9209D422300AA10F1 /* views */ = {
			isa = PBXGroup;
			children = (
				F0A516DB209E9DB2003A6436 /* datasources */,
				F0765ECE209DDBDC00AA10F1 /* extensions */,
				F0765EBC209D4DC000AA10F1 /* controllers */,
				F0765EA4209D3FF800AA10F1 /* xibs */,
			);
			path = views;
			sourceTree = "<group>";
		};
		F0765EAA209D443100AA10F1 /* fonts */ = {
			isa = PBXGroup;
			children = (
				F0765EB1209D443800AA10F1 /* circular-black-italic.otf */,
				F0765EB0209D443800AA10F1 /* circular-black.otf */,
				F0765EAC209D443800AA10F1 /* circular-bold-italic.otf */,
				F0765EAE209D443800AA10F1 /* circular-bold.otf */,
				F0765EAD209D443800AA10F1 /* circular-book-italic.otf */,
				F0765EB2209D443900AA10F1 /* circular-book.otf */,
				F0765EAF209D443800AA10F1 /* circular-medium-italic.otf */,
				F0765EAB209D443800AA10F1 /* circular-medium.otf */,
			);
			path = fonts;
			sourceTree = "<group>";
		};
		F0765EBC209D4DC000AA10F1 /* controllers */ = {
			isa = PBXGroup;
			children = (
				F0765EBD209D4DDC00AA10F1 /* MarvelCharViewController.swift */,
				F0B1CC45209E7EA200E1A5FA /* MarvelSearchCharViewController.swift */,
				F00F59E3209F609400C7EFDB /* MarvelCharDetailViewController.swift */,
			);
			path = controllers;
			sourceTree = "<group>";
		};
		F0765EBF209D4E7D00AA10F1 /* interactors */ = {
			isa = PBXGroup;
			children = (
				F0765EC0209D4E8300AA10F1 /* utils */,
				F0765EC5209D4F4900AA10F1 /* MarvelCharInteractor.swift */,
			);
			path = interactors;
			sourceTree = "<group>";
		};
		F0765EC0209D4E8300AA10F1 /* utils */ = {
			isa = PBXGroup;
			children = (
				F0765EC1209D4ED600AA10F1 /* strings.plist */,
				F0765EC3209D4F0D00AA10F1 /* MarvelService.swift */,
			);
			path = utils;
			sourceTree = "<group>";
		};
		F0765EC7209D547D00AA10F1 /* entities */ = {
			isa = PBXGroup;
			children = (
				F0765EC8209D553C00AA10F1 /* Character.swift */,
				F0765ECC209DD6B600AA10F1 /* Thumbnail.swift */,
				F00F59E9209F745D00C7EFDB /* Story.swift */,
				F00F59ED209FDBDC00C7EFDB /* Comics.swift */,
			);
			path = entities;
			sourceTree = "<group>";
		};
		F0765ECE209DDBDC00AA10F1 /* extensions */ = {
			isa = PBXGroup;
			children = (
				F0765ECF209DDBF500AA10F1 /* UIImageView+Alamofire.swift */,
			);
			path = extensions;
			sourceTree = "<group>";
		};
		F0A516DB209E9DB2003A6436 /* datasources */ = {
			isa = PBXGroup;
			children = (
				F0A516E3209F4A02003A6436 /* tables */,
				F0A516E2209F49FB003A6436 /* collections */,
			);
			path = datasources;
			sourceTree = "<group>";
		};
		F0A516E2209F49FB003A6436 /* collections */ = {
			isa = PBXGroup;
			children = (
				F0A516DE209EA364003A6436 /* CharacterFavoriteCollectionViewDataSource.swift */,
				F0A516DC209E9E20003A6436 /* CharacterCollectionViewDataSource.swift */,
				F0A516E0209F4981003A6436 /* CharactersCollectionDataSourceInterface.swift */,
				F00F59EF209FE9C800C7EFDB /* ComicsCollectionViewDataSource.swift */,
			);
			path = collections;
			sourceTree = "<group>";
		};
		F0A516E3209F4A02003A6436 /* tables */ = {
			isa = PBXGroup;
			children = (
			);
			path = tables;
			sourceTree = "<group>";
		};
		F0DE09F6209D346D0006CDC2 = {
			isa = PBXGroup;
			children = (
				F0DE0A01209D346E0006CDC2 /* marvelproj */,
				F0DE0A16209D346E0006CDC2 /* marvelprojTests */,
				F0DE0A00209D346E0006CDC2 /* Products */,
				15AC8A6D53A30CAA99F87EDE /* Pods */,
				1A529E315A1625805718356F /* Frameworks */,
			);
			sourceTree = "<group>";
		};
		F0DE0A00209D346E0006CDC2 /* Products */ = {
			isa = PBXGroup;
			children = (
				F0DE09FF209D346E0006CDC2 /* marvelproj.app */,
				F0DE0A13209D346E0006CDC2 /* marvelprojTests.xctest */,
			);
			name = Products;
			sourceTree = "<group>";
		};
		F0DE0A01209D346E0006CDC2 /* marvelproj */ = {
			isa = PBXGroup;
			children = (
				F00F59E2209F5C1F00C7EFDB /* router */,
				F0765EC7209D547D00AA10F1 /* entities */,
				F0765EBF209D4E7D00AA10F1 /* interactors */,
				F0765EA9209D422300AA10F1 /* views */,
				F0765EAA209D443100AA10F1 /* fonts */,
				F0DE0A02209D346E0006CDC2 /* AppDelegate.swift */,
				F0765ED1209DE37000AA10F1 /* marvelproj-Bridging-Header.h */,
				F0DE0A04209D346E0006CDC2 /* ViewController.swift */,
				F0DE0A06209D346E0006CDC2 /* Main.storyboard */,
				F0DE0A09209D346E0006CDC2 /* Assets.xcassets */,
				F0DE0A0B209D346E0006CDC2 /* LaunchScreen.storyboard */,
				F0DE0A0E209D346E0006CDC2 /* Info.plist */,
			);
			path = marvelproj;
			sourceTree = "<group>";
		};
		F0DE0A16209D346E0006CDC2 /* marvelprojTests */ = {
			isa = PBXGroup;
			children = (
				F0DE0A17209D346E0006CDC2 /* marvelprojTests.swift */,
				F0DE0A19209D346E0006CDC2 /* Info.plist */,
			);
			path = marvelprojTests;
			sourceTree = "<group>";
		};
/* End PBXGroup section */

/* Begin PBXNativeTarget section */
		F0DE09FE209D346E0006CDC2 /* marvelproj */ = {
			isa = PBXNativeTarget;
			buildConfigurationList = F0DE0A1C209D346E0006CDC2 /* Build configuration list for PBXNativeTarget "marvelproj" */;
			buildPhases = (
				16F05E64B9CC4E0F72E4EDC6 /* [CP] Check Pods Manifest.lock */,
				F0DE09FB209D346E0006CDC2 /* Sources */,
				F0DE09FC209D346E0006CDC2 /* Frameworks */,
				F0DE09FD209D346E0006CDC2 /* Resources */,
				0F57C5C0CFAA698CFFCEFB61 /* [CP] Embed Pods Frameworks */,
				B9A784953ECCC59AAB71D1E2 /* [CP] Copy Pods Resources */,
			);
			buildRules = (
			);
			dependencies = (
			);
			name = marvelproj;
			productName = marvelproj;
			productReference = F0DE09FF209D346E0006CDC2 /* marvelproj.app */;
			productType = "com.apple.product-type.application";
		};
		F0DE0A12209D346E0006CDC2 /* marvelprojTests */ = {
			isa = PBXNativeTarget;
			buildConfigurationList = F0DE0A1F209D346E0006CDC2 /* Build configuration list for PBXNativeTarget "marvelprojTests" */;
			buildPhases = (
				DFE0F955EF3589E31ABD5A41 /* [CP] Check Pods Manifest.lock */,
				F0DE0A0F209D346E0006CDC2 /* Sources */,
				F0DE0A10209D346E0006CDC2 /* Frameworks */,
				F0DE0A11209D346E0006CDC2 /* Resources */,
				CE5EFCC92E13A9E4317C9C1C /* [CP] Embed Pods Frameworks */,
				F88CAE6259717341DC7247B7 /* [CP] Copy Pods Resources */,
			);
			buildRules = (
			);
			dependencies = (
				F0DE0A15209D346E0006CDC2 /* PBXTargetDependency */,
			);
			name = marvelprojTests;
			productName = marvelprojTests;
			productReference = F0DE0A13209D346E0006CDC2 /* marvelprojTests.xctest */;
			productType = "com.apple.product-type.bundle.unit-test";
		};
/* End PBXNativeTarget section */

/* Begin PBXProject section */
		F0DE09F7209D346D0006CDC2 /* Project object */ = {
			isa = PBXProject;
			attributes = {
				LastSwiftUpdateCheck = 0920;
				LastUpgradeCheck = 0920;
				ORGANIZATIONNAME = "Andre Nogueira";
				TargetAttributes = {
					F0DE09FE209D346E0006CDC2 = {
						CreatedOnToolsVersion = 9.2;
						LastSwiftMigration = 0920;
						ProvisioningStyle = Automatic;
					};
					F0DE0A12209D346E0006CDC2 = {
						CreatedOnToolsVersion = 9.2;
						ProvisioningStyle = Automatic;
						TestTargetID = F0DE09FE209D346E0006CDC2;
					};
				};
			};
			buildConfigurationList = F0DE09FA209D346D0006CDC2 /* Build configuration list for PBXProject "marvelproj" */;
			compatibilityVersion = "Xcode 8.0";
			developmentRegion = en;
			hasScannedForEncodings = 0;
			knownRegions = (
				en,
				Base,
			);
			mainGroup = F0DE09F6209D346D0006CDC2;
			productRefGroup = F0DE0A00209D346E0006CDC2 /* Products */;
			projectDirPath = "";
			projectRoot = "";
			targets = (
				F0DE09FE209D346E0006CDC2 /* marvelproj */,
				F0DE0A12209D346E0006CDC2 /* marvelprojTests */,
			);
		};
/* End PBXProject section */

/* Begin PBXResourcesBuildPhase section */
		F0DE09FD209D346E0006CDC2 /* Resources */ = {
			isa = PBXResourcesBuildPhase;
			buildActionMask = 2147483647;
			files = (
				F0765EB7209D444C00AA10F1 /* circular-book-italic.otf in Resources */,
				F0765EC2209D4ED600AA10F1 /* strings.plist in Resources */,
				F00FD6A4209FEC4F0018ECF0 /* ComicsCollectionViewCell.xib in Resources */,
				F0765EB9209D445100AA10F1 /* circular-medium-italic.otf in Resources */,
				F0765EB3209D444100AA10F1 /* circular-black-italic.otf in Resources */,
				F0765ED8209DF0A300AA10F1 /* CharacterCollectionViewCell.xib in Resources */,
				F0765EB5209D444600AA10F1 /* circular-bold-italic.otf in Resources */,
				F0DE0A0D209D346E0006CDC2 /* LaunchScreen.storyboard in Resources */,
				F0765EBA209D445400AA10F1 /* circular-medium.otf in Resources */,
				F0765EB6209D444900AA10F1 /* circular-bold.otf in Resources */,
				F0765EB8209D444E00AA10F1 /* circular-book.otf in Resources */,
				F0765EB4209D444400AA10F1 /* circular-black.otf in Resources */,
				F0765EDC209E378700AA10F1 /* MarvelCharFavoriteCollectionViewCell.xib in Resources */,
				F0DE0A0A209D346E0006CDC2 /* Assets.xcassets in Resources */,
				F0DE0A08209D346E0006CDC2 /* Main.storyboard in Resources */,
				F0765EA8209D41A400AA10F1 /* CharacterTableViewCell.xib in Resources */,
			);
			runOnlyForDeploymentPostprocessing = 0;
		};
		F0DE0A11209D346E0006CDC2 /* Resources */ = {
			isa = PBXResourcesBuildPhase;
			buildActionMask = 2147483647;
			files = (
			);
			runOnlyForDeploymentPostprocessing = 0;
		};
/* End PBXResourcesBuildPhase section */

/* Begin PBXShellScriptBuildPhase section */
		0F57C5C0CFAA698CFFCEFB61 /* [CP] Embed Pods Frameworks */ = {
			isa = PBXShellScriptBuildPhase;
			buildActionMask = 2147483647;
			files = (
			);
			inputPaths = (
				"${SRCROOT}/Pods/Target Support Files/Pods-marvelproj/Pods-marvelproj-frameworks.sh",
				"${BUILT_PRODUCTS_DIR}/Alamofire/Alamofire.framework",
				"${BUILT_PRODUCTS_DIR}/AlamofireImage/AlamofireImage.framework",
				"${BUILT_PRODUCTS_DIR}/AnimatedCollectionViewLayout/AnimatedCollectionViewLayout.framework",
				"${BUILT_PRODUCTS_DIR}/CryptoSwift/CryptoSwift.framework",
				"${BUILT_PRODUCTS_DIR}/ObjectMapper/ObjectMapper.framework",
				"${BUILT_PRODUCTS_DIR}/SwiftyJSON/SwiftyJSON.framework",
				"${BUILT_PRODUCTS_DIR}/UIScrollView-InfiniteScroll/UIScrollView_InfiniteScroll.framework",
			);
			name = "[CP] Embed Pods Frameworks";
			outputPaths = (
				"${TARGET_BUILD_DIR}/${FRAMEWORKS_FOLDER_PATH}/Alamofire.framework",
				"${TARGET_BUILD_DIR}/${FRAMEWORKS_FOLDER_PATH}/AlamofireImage.framework",
				"${TARGET_BUILD_DIR}/${FRAMEWORKS_FOLDER_PATH}/AnimatedCollectionViewLayout.framework",
				"${TARGET_BUILD_DIR}/${FRAMEWORKS_FOLDER_PATH}/CryptoSwift.framework",
				"${TARGET_BUILD_DIR}/${FRAMEWORKS_FOLDER_PATH}/ObjectMapper.framework",
				"${TARGET_BUILD_DIR}/${FRAMEWORKS_FOLDER_PATH}/SwiftyJSON.framework",
				"${TARGET_BUILD_DIR}/${FRAMEWORKS_FOLDER_PATH}/UIScrollView_InfiniteScroll.framework",
			);
			runOnlyForDeploymentPostprocessing = 0;
			shellPath = /bin/sh;
			shellScript = "\"${SRCROOT}/Pods/Target Support Files/Pods-marvelproj/Pods-marvelproj-frameworks.sh\"\n";
			showEnvVarsInLog = 0;
		};
		16F05E64B9CC4E0F72E4EDC6 /* [CP] Check Pods Manifest.lock */ = {
			isa = PBXShellScriptBuildPhase;
			buildActionMask = 2147483647;
			files = (
			);
			inputPaths = (
				"${PODS_PODFILE_DIR_PATH}/Podfile.lock",
				"${PODS_ROOT}/Manifest.lock",
			);
			name = "[CP] Check Pods Manifest.lock";
			outputPaths = (
				"$(DERIVED_FILE_DIR)/Pods-marvelproj-checkManifestLockResult.txt",
			);
			runOnlyForDeploymentPostprocessing = 0;
			shellPath = /bin/sh;
			shellScript = "diff \"${PODS_PODFILE_DIR_PATH}/Podfile.lock\" \"${PODS_ROOT}/Manifest.lock\" > /dev/null\nif [ $? != 0 ] ; then\n    # print error to STDERR\n    echo \"error: The sandbox is not in sync with the Podfile.lock. Run 'pod install' or update your CocoaPods installation.\" >&2\n    exit 1\nfi\n# This output is used by Xcode 'outputs' to avoid re-running this script phase.\necho \"SUCCESS\" > \"${SCRIPT_OUTPUT_FILE_0}\"\n";
			showEnvVarsInLog = 0;
		};
		B9A784953ECCC59AAB71D1E2 /* [CP] Copy Pods Resources */ = {
			isa = PBXShellScriptBuildPhase;
			buildActionMask = 2147483647;
			files = (
			);
			inputPaths = (
			);
			name = "[CP] Copy Pods Resources";
			outputPaths = (
			);
			runOnlyForDeploymentPostprocessing = 0;
			shellPath = /bin/sh;
			shellScript = "\"${SRCROOT}/Pods/Target Support Files/Pods-marvelproj/Pods-marvelproj-resources.sh\"\n";
			showEnvVarsInLog = 0;
		};
		CE5EFCC92E13A9E4317C9C1C /* [CP] Embed Pods Frameworks */ = {
			isa = PBXShellScriptBuildPhase;
			buildActionMask = 2147483647;
			files = (
			);
			inputPaths = (
			);
			name = "[CP] Embed Pods Frameworks";
			outputPaths = (
			);
			runOnlyForDeploymentPostprocessing = 0;
			shellPath = /bin/sh;
			shellScript = "\"${SRCROOT}/Pods/Target Support Files/Pods-marvelprojTests/Pods-marvelprojTests-frameworks.sh\"\n";
			showEnvVarsInLog = 0;
		};
		DFE0F955EF3589E31ABD5A41 /* [CP] Check Pods Manifest.lock */ = {
			isa = PBXShellScriptBuildPhase;
			buildActionMask = 2147483647;
			files = (
			);
			inputPaths = (
				"${PODS_PODFILE_DIR_PATH}/Podfile.lock",
				"${PODS_ROOT}/Manifest.lock",
			);
			name = "[CP] Check Pods Manifest.lock";
			outputPaths = (
				"$(DERIVED_FILE_DIR)/Pods-marvelprojTests-checkManifestLockResult.txt",
			);
			runOnlyForDeploymentPostprocessing = 0;
			shellPath = /bin/sh;
			shellScript = "diff \"${PODS_PODFILE_DIR_PATH}/Podfile.lock\" \"${PODS_ROOT}/Manifest.lock\" > /dev/null\nif [ $? != 0 ] ; then\n    # print error to STDERR\n    echo \"error: The sandbox is not in sync with the Podfile.lock. Run 'pod install' or update your CocoaPods installation.\" >&2\n    exit 1\nfi\n# This output is used by Xcode 'outputs' to avoid re-running this script phase.\necho \"SUCCESS\" > \"${SCRIPT_OUTPUT_FILE_0}\"\n";
			showEnvVarsInLog = 0;
		};
		F88CAE6259717341DC7247B7 /* [CP] Copy Pods Resources */ = {
			isa = PBXShellScriptBuildPhase;
			buildActionMask = 2147483647;
			files = (
			);
			inputPaths = (
			);
			name = "[CP] Copy Pods Resources";
			outputPaths = (
			);
			runOnlyForDeploymentPostprocessing = 0;
			shellPath = /bin/sh;
			shellScript = "\"${SRCROOT}/Pods/Target Support Files/Pods-marvelprojTests/Pods-marvelprojTests-resources.sh\"\n";
			showEnvVarsInLog = 0;
		};
/* End PBXShellScriptBuildPhase section */

/* Begin PBXSourcesBuildPhase section */
		F0DE09FB209D346E0006CDC2 /* Sources */ = {
			isa = PBXSourcesBuildPhase;
			buildActionMask = 2147483647;
			files = (
				F0765ED7209DF0A300AA10F1 /* CharacterCollectionViewCell.swift in Sources */,
				F00FD6A3209FEC4F0018ECF0 /* ComicsCollectionViewCell.swift in Sources */,
				F0DE0A05209D346E0006CDC2 /* ViewController.swift in Sources */,
				F0765EC6209D4F4900AA10F1 /* MarvelCharInteractor.swift in Sources */,
				F00F59F0209FE9C800C7EFDB /* ComicsCollectionViewDataSource.swift in Sources */,
				F0765EC9209D553C00AA10F1 /* Character.swift in Sources */,
				F0765EBE209D4DDC00AA10F1 /* MarvelCharViewController.swift in Sources */,
				F00F59EA209F745D00C7EFDB /* Story.swift in Sources */,
				F00F59E6209F610F00C7EFDB /* CharacterDetailView.swift in Sources */,
				F0A516DF209EA364003A6436 /* CharacterFavoriteCollectionViewDataSource.swift in Sources */,
				F00F59E4209F609400C7EFDB /* MarvelCharDetailViewController.swift in Sources */,
				F0B1CC46209E7EA200E1A5FA /* MarvelSearchCharViewController.swift in Sources */,
				F0DE0A03209D346E0006CDC2 /* AppDelegate.swift in Sources */,
				F0A516E1209F4981003A6436 /* CharactersCollectionDataSourceInterface.swift in Sources */,
				F00F59E8209F683900C7EFDB /* MarvelRouter.swift in Sources */,
				F0765EDB209E378700AA10F1 /* MarvelCharFavoriteCollectionViewCell.swift in Sources */,
				F00F59EE209FDBDC00C7EFDB /* Comics.swift in Sources */,
				F0765EC4209D4F0D00AA10F1 /* MarvelService.swift in Sources */,
				F0765ECD209DD6B600AA10F1 /* Thumbnail.swift in Sources */,
				F00F59EC209FC22800C7EFDB /* StoriesView.swift in Sources */,
				F0765ED0209DDBF500AA10F1 /* UIImageView+Alamofire.swift in Sources */,
				F0A516DD209E9E20003A6436 /* CharacterCollectionViewDataSource.swift in Sources */,
				F0765EA7209D41A400AA10F1 /* CharacterTableViewCell.swift in Sources */,
			);
			runOnlyForDeploymentPostprocessing = 0;
		};
		F0DE0A0F209D346E0006CDC2 /* Sources */ = {
			isa = PBXSourcesBuildPhase;
			buildActionMask = 2147483647;
			files = (
				F0DE0A18209D346E0006CDC2 /* marvelprojTests.swift in Sources */,
			);
			runOnlyForDeploymentPostprocessing = 0;
		};
/* End PBXSourcesBuildPhase section */

/* Begin PBXTargetDependency section */
		F0DE0A15209D346E0006CDC2 /* PBXTargetDependency */ = {
			isa = PBXTargetDependency;
			target = F0DE09FE209D346E0006CDC2 /* marvelproj */;
			targetProxy = F0DE0A14209D346E0006CDC2 /* PBXContainerItemProxy */;
		};
/* End PBXTargetDependency section */

/* Begin PBXVariantGroup section */
		F0DE0A06209D346E0006CDC2 /* Main.storyboard */ = {
			isa = PBXVariantGroup;
			children = (
				F0DE0A07209D346E0006CDC2 /* Base */,
			);
			name = Main.storyboard;
			sourceTree = "<group>";
		};
		F0DE0A0B209D346E0006CDC2 /* LaunchScreen.storyboard */ = {
			isa = PBXVariantGroup;
			children = (
				F0DE0A0C209D346E0006CDC2 /* Base */,
			);
			name = LaunchScreen.storyboard;
			sourceTree = "<group>";
		};
/* End PBXVariantGroup section */

/* Begin XCBuildConfiguration section */
		F0DE0A1A209D346E0006CDC2 /* Debug */ = {
			isa = XCBuildConfiguration;
			buildSettings = {
				ALWAYS_SEARCH_USER_PATHS = NO;
				CLANG_ANALYZER_NONNULL = YES;
				CLANG_ANALYZER_NUMBER_OBJECT_CONVERSION = YES_AGGRESSIVE;
				CLANG_CXX_LANGUAGE_STANDARD = "gnu++14";
				CLANG_CXX_LIBRARY = "libc++";
				CLANG_ENABLE_MODULES = YES;
				CLANG_ENABLE_OBJC_ARC = YES;
				CLANG_WARN_BLOCK_CAPTURE_AUTORELEASING = YES;
				CLANG_WARN_BOOL_CONVERSION = YES;
				CLANG_WARN_COMMA = YES;
				CLANG_WARN_CONSTANT_CONVERSION = YES;
				CLANG_WARN_DIRECT_OBJC_ISA_USAGE = YES_ERROR;
				CLANG_WARN_DOCUMENTATION_COMMENTS = YES;
				CLANG_WARN_EMPTY_BODY = YES;
				CLANG_WARN_ENUM_CONVERSION = YES;
				CLANG_WARN_INFINITE_RECURSION = YES;
				CLANG_WARN_INT_CONVERSION = YES;
				CLANG_WARN_NON_LITERAL_NULL_CONVERSION = YES;
				CLANG_WARN_OBJC_LITERAL_CONVERSION = YES;
				CLANG_WARN_OBJC_ROOT_CLASS = YES_ERROR;
				CLANG_WARN_RANGE_LOOP_ANALYSIS = YES;
				CLANG_WARN_STRICT_PROTOTYPES = YES;
				CLANG_WARN_SUSPICIOUS_MOVE = YES;
				CLANG_WARN_UNGUARDED_AVAILABILITY = YES_AGGRESSIVE;
				CLANG_WARN_UNREACHABLE_CODE = YES;
				CLANG_WARN__DUPLICATE_METHOD_MATCH = YES;
				CODE_SIGN_IDENTITY = "iPhone Developer";
				COPY_PHASE_STRIP = NO;
				DEBUG_INFORMATION_FORMAT = dwarf;
				ENABLE_STRICT_OBJC_MSGSEND = YES;
				ENABLE_TESTABILITY = YES;
				GCC_C_LANGUAGE_STANDARD = gnu11;
				GCC_DYNAMIC_NO_PIC = NO;
				GCC_NO_COMMON_BLOCKS = YES;
				GCC_OPTIMIZATION_LEVEL = 0;
				GCC_PREPROCESSOR_DEFINITIONS = (
					"DEBUG=1",
					"$(inherited)",
				);
				GCC_WARN_64_TO_32_BIT_CONVERSION = YES;
				GCC_WARN_ABOUT_RETURN_TYPE = YES_ERROR;
				GCC_WARN_UNDECLARED_SELECTOR = YES;
				GCC_WARN_UNINITIALIZED_AUTOS = YES_AGGRESSIVE;
				GCC_WARN_UNUSED_FUNCTION = YES;
				GCC_WARN_UNUSED_VARIABLE = YES;
				IPHONEOS_DEPLOYMENT_TARGET = 11.2;
				MTL_ENABLE_DEBUG_INFO = YES;
				ONLY_ACTIVE_ARCH = YES;
				SDKROOT = iphoneos;
				SWIFT_ACTIVE_COMPILATION_CONDITIONS = DEBUG;
				SWIFT_OPTIMIZATION_LEVEL = "-Onone";
			};
			name = Debug;
		};
		F0DE0A1B209D346E0006CDC2 /* Release */ = {
			isa = XCBuildConfiguration;
			buildSettings = {
				ALWAYS_SEARCH_USER_PATHS = NO;
				CLANG_ANALYZER_NONNULL = YES;
				CLANG_ANALYZER_NUMBER_OBJECT_CONVERSION = YES_AGGRESSIVE;
				CLANG_CXX_LANGUAGE_STANDARD = "gnu++14";
				CLANG_CXX_LIBRARY = "libc++";
				CLANG_ENABLE_MODULES = YES;
				CLANG_ENABLE_OBJC_ARC = YES;
				CLANG_WARN_BLOCK_CAPTURE_AUTORELEASING = YES;
				CLANG_WARN_BOOL_CONVERSION = YES;
				CLANG_WARN_COMMA = YES;
				CLANG_WARN_CONSTANT_CONVERSION = YES;
				CLANG_WARN_DIRECT_OBJC_ISA_USAGE = YES_ERROR;
				CLANG_WARN_DOCUMENTATION_COMMENTS = YES;
				CLANG_WARN_EMPTY_BODY = YES;
				CLANG_WARN_ENUM_CONVERSION = YES;
				CLANG_WARN_INFINITE_RECURSION = YES;
				CLANG_WARN_INT_CONVERSION = YES;
				CLANG_WARN_NON_LITERAL_NULL_CONVERSION = YES;
				CLANG_WARN_OBJC_LITERAL_CONVERSION = YES;
				CLANG_WARN_OBJC_ROOT_CLASS = YES_ERROR;
				CLANG_WARN_RANGE_LOOP_ANALYSIS = YES;
				CLANG_WARN_STRICT_PROTOTYPES = YES;
				CLANG_WARN_SUSPICIOUS_MOVE = YES;
				CLANG_WARN_UNGUARDED_AVAILABILITY = YES_AGGRESSIVE;
				CLANG_WARN_UNREACHABLE_CODE = YES;
				CLANG_WARN__DUPLICATE_METHOD_MATCH = YES;
				CODE_SIGN_IDENTITY = "iPhone Developer";
				COPY_PHASE_STRIP = NO;
				DEBUG_INFORMATION_FORMAT = "dwarf-with-dsym";
				ENABLE_NS_ASSERTIONS = NO;
				ENABLE_STRICT_OBJC_MSGSEND = YES;
				GCC_C_LANGUAGE_STANDARD = gnu11;
				GCC_NO_COMMON_BLOCKS = YES;
				GCC_WARN_64_TO_32_BIT_CONVERSION = YES;
				GCC_WARN_ABOUT_RETURN_TYPE = YES_ERROR;
				GCC_WARN_UNDECLARED_SELECTOR = YES;
				GCC_WARN_UNINITIALIZED_AUTOS = YES_AGGRESSIVE;
				GCC_WARN_UNUSED_FUNCTION = YES;
				GCC_WARN_UNUSED_VARIABLE = YES;
				IPHONEOS_DEPLOYMENT_TARGET = 11.2;
				MTL_ENABLE_DEBUG_INFO = NO;
				SDKROOT = iphoneos;
				SWIFT_OPTIMIZATION_LEVEL = "-Owholemodule";
				VALIDATE_PRODUCT = YES;
			};
			name = Release;
		};
		F0DE0A1D209D346E0006CDC2 /* Debug */ = {
			isa = XCBuildConfiguration;
			baseConfigurationReference = 3EF0931F784B45BAAE95CDF2 /* Pods-marvelproj.debug.xcconfig */;
			buildSettings = {
				ASSETCATALOG_COMPILER_APPICON_NAME = AppIcon;
				CLANG_ENABLE_MODULES = YES;
				CODE_SIGN_STYLE = Automatic;
				INFOPLIST_FILE = marvelproj/Info.plist;
				LD_RUNPATH_SEARCH_PATHS = "$(inherited) @executable_path/Frameworks";
				PRODUCT_BUNDLE_IDENTIFIER = com.andre.marvelproj;
				PRODUCT_NAME = "$(TARGET_NAME)";
				SWIFT_OBJC_BRIDGING_HEADER = "marvelproj/marvelproj-Bridging-Header.h";
				SWIFT_OPTIMIZATION_LEVEL = "-Onone";
				SWIFT_VERSION = 4.0;
				TARGETED_DEVICE_FAMILY = "1,2";
			};
			name = Debug;
		};
		F0DE0A1E209D346E0006CDC2 /* Release */ = {
			isa = XCBuildConfiguration;
			baseConfigurationReference = 19E7466155799D12C2A98E7B /* Pods-marvelproj.release.xcconfig */;
			buildSettings = {
				ASSETCATALOG_COMPILER_APPICON_NAME = AppIcon;
				CLANG_ENABLE_MODULES = YES;
				CODE_SIGN_STYLE = Automatic;
				INFOPLIST_FILE = marvelproj/Info.plist;
				LD_RUNPATH_SEARCH_PATHS = "$(inherited) @executable_path/Frameworks";
				PRODUCT_BUNDLE_IDENTIFIER = com.andre.marvelproj;
				PRODUCT_NAME = "$(TARGET_NAME)";
				SWIFT_OBJC_BRIDGING_HEADER = "marvelproj/marvelproj-Bridging-Header.h";
				SWIFT_VERSION = 4.0;
				TARGETED_DEVICE_FAMILY = "1,2";
			};
			name = Release;
		};
		F0DE0A20209D346E0006CDC2 /* Debug */ = {
			isa = XCBuildConfiguration;
			baseConfigurationReference = FDF099E1D4D3881BBEE5E140 /* Pods-marvelprojTests.debug.xcconfig */;
			buildSettings = {
				ALWAYS_EMBED_SWIFT_STANDARD_LIBRARIES = YES;
				BUNDLE_LOADER = "$(TEST_HOST)";
				CODE_SIGN_STYLE = Automatic;
				INFOPLIST_FILE = marvelprojTests/Info.plist;
				LD_RUNPATH_SEARCH_PATHS = "$(inherited) @executable_path/Frameworks @loader_path/Frameworks";
				PRODUCT_BUNDLE_IDENTIFIER = com.andre.marvelprojTests;
				PRODUCT_NAME = "$(TARGET_NAME)";
				SWIFT_VERSION = 4.0;
				TARGETED_DEVICE_FAMILY = "1,2";
				TEST_HOST = "$(BUILT_PRODUCTS_DIR)/marvelproj.app/marvelproj";
			};
			name = Debug;
		};
		F0DE0A21209D346E0006CDC2 /* Release */ = {
			isa = XCBuildConfiguration;
			baseConfigurationReference = 3D81379AA7B4DA6C1D05B143 /* Pods-marvelprojTests.release.xcconfig */;
			buildSettings = {
				ALWAYS_EMBED_SWIFT_STANDARD_LIBRARIES = YES;
				BUNDLE_LOADER = "$(TEST_HOST)";
				CODE_SIGN_STYLE = Automatic;
				INFOPLIST_FILE = marvelprojTests/Info.plist;
				LD_RUNPATH_SEARCH_PATHS = "$(inherited) @executable_path/Frameworks @loader_path/Frameworks";
				PRODUCT_BUNDLE_IDENTIFIER = com.andre.marvelprojTests;
				PRODUCT_NAME = "$(TARGET_NAME)";
				SWIFT_VERSION = 4.0;
				TARGETED_DEVICE_FAMILY = "1,2";
				TEST_HOST = "$(BUILT_PRODUCTS_DIR)/marvelproj.app/marvelproj";
			};
			name = Release;
		};
/* End XCBuildConfiguration section */

/* Begin XCConfigurationList section */
		F0DE09FA209D346D0006CDC2 /* Build configuration list for PBXProject "marvelproj" */ = {
			isa = XCConfigurationList;
			buildConfigurations = (
				F0DE0A1A209D346E0006CDC2 /* Debug */,
				F0DE0A1B209D346E0006CDC2 /* Release */,
			);
			defaultConfigurationIsVisible = 0;
			defaultConfigurationName = Release;
		};
		F0DE0A1C209D346E0006CDC2 /* Build configuration list for PBXNativeTarget "marvelproj" */ = {
			isa = XCConfigurationList;
			buildConfigurations = (
				F0DE0A1D209D346E0006CDC2 /* Debug */,
				F0DE0A1E209D346E0006CDC2 /* Release */,
			);
			defaultConfigurationIsVisible = 0;
			defaultConfigurationName = Release;
		};
		F0DE0A1F209D346E0006CDC2 /* Build configuration list for PBXNativeTarget "marvelprojTests" */ = {
			isa = XCConfigurationList;
			buildConfigurations = (
				F0DE0A20209D346E0006CDC2 /* Debug */,
				F0DE0A21209D346E0006CDC2 /* Release */,
			);
			defaultConfigurationIsVisible = 0;
			defaultConfigurationName = Release;
		};
/* End XCConfigurationList section */
	};
	rootObject = F0DE09F7209D346D0006CDC2 /* Project object */;
}
