// !$*UTF8*$!
{
	archiveVersion = 1;
	classes = {
	};
	objectVersion = 48;
	objects = {

/* Begin PBXBuildFile section */
		6506BED420A4ABCA004EF51B /* MarvelCharacterDetailViewController+CollectionViewDatasource.swift in Sources */ = {isa = PBXBuildFile; fileRef = 6506BED320A4ABCA004EF51B /* MarvelCharacterDetailViewController+CollectionViewDatasource.swift */; };
		6506BED620A4D46A004EF51B /* MarvelCharacterDetailViewController+TableViewDatasource.swift in Sources */ = {isa = PBXBuildFile; fileRef = 6506BED520A4D46A004EF51B /* MarvelCharacterDetailViewController+TableViewDatasource.swift */; };
		6506BED820A4D67E004EF51B /* Events.swift in Sources */ = {isa = PBXBuildFile; fileRef = 6506BED720A4D67E004EF51B /* Events.swift */; };
		6506BEDC20A4DB02004EF51B /* MarvelHTTPManager+Events.swift in Sources */ = {isa = PBXBuildFile; fileRef = 6506BEDB20A4DB02004EF51B /* MarvelHTTPManager+Events.swift */; };
		6506BEDF20A4E7C3004EF51B /* MarvelDetailStoriesTableViewCell.swift in Sources */ = {isa = PBXBuildFile; fileRef = 6506BEDD20A4E7C3004EF51B /* MarvelDetailStoriesTableViewCell.swift */; };
		6506BEE020A4E7C3004EF51B /* MarvelDetailStoriesTableViewCell.xib in Resources */ = {isa = PBXBuildFile; fileRef = 6506BEDE20A4E7C3004EF51B /* MarvelDetailStoriesTableViewCell.xib */; };
		6506BEE220A4F1AB004EF51B /* MarvelHTTPManager+Stories.swift in Sources */ = {isa = PBXBuildFile; fileRef = 6506BEE120A4F1AB004EF51B /* MarvelHTTPManager+Stories.swift */; };
		6506BEE420A50434004EF51B /* MarvelConstants.swift in Sources */ = {isa = PBXBuildFile; fileRef = 6506BEE320A50434004EF51B /* MarvelConstants.swift */; };
		6506BEE920A5CDAD004EF51B /* MarvelDetailTransitionViewController.swift in Sources */ = {isa = PBXBuildFile; fileRef = 6506BEE820A5CDAD004EF51B /* MarvelDetailTransitionViewController.swift */; };
		65843CA020A3479A00C8EE7A /* MarvelHTTPManager.swift in Sources */ = {isa = PBXBuildFile; fileRef = 65843C9F20A3479A00C8EE7A /* MarvelHTTPManager.swift */; };
		65843CA620A3565D00C8EE7A /* SwiftMD5.swift in Sources */ = {isa = PBXBuildFile; fileRef = 65843CA420A3565D00C8EE7A /* SwiftMD5.swift */; };
		65843CA720A3565D00C8EE7A /* String+MD5.swift in Sources */ = {isa = PBXBuildFile; fileRef = 65843CA520A3565D00C8EE7A /* String+MD5.swift */; };
		6585A68E20A3C39400F09789 /* MarvelHTTPManager+Characters.swift in Sources */ = {isa = PBXBuildFile; fileRef = 6585A68D20A3C39400F09789 /* MarvelHTTPManager+Characters.swift */; };
		6585A69020A3C3C900F09789 /* MarvelHTTPManager+Comics.swift in Sources */ = {isa = PBXBuildFile; fileRef = 6585A68F20A3C3C900F09789 /* MarvelHTTPManager+Comics.swift */; };
		6585A69220A3C3F800F09789 /* MarvelHTTPManager+CharactersByName.swift in Sources */ = {isa = PBXBuildFile; fileRef = 6585A69120A3C3F800F09789 /* MarvelHTTPManager+CharactersByName.swift */; };
		6585A69820A3C6FF00F09789 /* QueryBuilder.swift in Sources */ = {isa = PBXBuildFile; fileRef = 6585A69720A3C6FF00F09789 /* QueryBuilder.swift */; };
		6585A69B20A3CE5F00F09789 /* MarvelDetailTableViewHeaderCellTableViewCell.swift in Sources */ = {isa = PBXBuildFile; fileRef = 6585A69920A3CE5F00F09789 /* MarvelDetailTableViewHeaderCellTableViewCell.swift */; };
		6585A69C20A3CE5F00F09789 /* MarvelDetailTableViewHeaderCellTableViewCell.xib in Resources */ = {isa = PBXBuildFile; fileRef = 6585A69A20A3CE5F00F09789 /* MarvelDetailTableViewHeaderCellTableViewCell.xib */; };
		658B558120A1FF7C00865189 /* MarvelDetailTableViewCell.swift in Sources */ = {isa = PBXBuildFile; fileRef = 658B557F20A1FF7C00865189 /* MarvelDetailTableViewCell.swift */; };
		658B558220A1FF7C00865189 /* MarvelDetailTableViewCell.xib in Resources */ = {isa = PBXBuildFile; fileRef = 658B558020A1FF7C00865189 /* MarvelDetailTableViewCell.xib */; };
		658B558520A1FFE400865189 /* MarvelDetailCollectionViewCell.swift in Sources */ = {isa = PBXBuildFile; fileRef = 658B558320A1FFE400865189 /* MarvelDetailCollectionViewCell.swift */; };
		658B558620A1FFE400865189 /* MarvelDetailCollectionViewCell.xib in Resources */ = {isa = PBXBuildFile; fileRef = 658B558420A1FFE400865189 /* MarvelDetailCollectionViewCell.xib */; };
		658B558920A200CD00865189 /* MarvelCharacterDetailViewController.swift in Sources */ = {isa = PBXBuildFile; fileRef = 658B558820A200CD00865189 /* MarvelCharacterDetailViewController.swift */; };
		658B558B20A2065E00865189 /* NSObject+ClassName.swift in Sources */ = {isa = PBXBuildFile; fileRef = 658B558A20A2065E00865189 /* NSObject+ClassName.swift */; };
		65CFDBF320A63D2100BCD143 /* MarvelComicsNotFoundTableViewCell.swift in Sources */ = {isa = PBXBuildFile; fileRef = 65CFDBF120A63D2000BCD143 /* MarvelComicsNotFoundTableViewCell.swift */; };
		65CFDBF420A63D2100BCD143 /* MarvelComicsNotFoundTableViewCell.xib in Resources */ = {isa = PBXBuildFile; fileRef = 65CFDBF220A63D2100BCD143 /* MarvelComicsNotFoundTableViewCell.xib */; };
		65CFDBF720A63F8100BCD143 /* MarvelSeriesNotFoundTableViewCell.swift in Sources */ = {isa = PBXBuildFile; fileRef = 65CFDBF520A63F8100BCD143 /* MarvelSeriesNotFoundTableViewCell.swift */; };
		65CFDBF820A63F8100BCD143 /* MarvelSeriesNotFoundTableViewCell.xib in Resources */ = {isa = PBXBuildFile; fileRef = 65CFDBF620A63F8100BCD143 /* MarvelSeriesNotFoundTableViewCell.xib */; };
		65CFDBFB20A640FC00BCD143 /* MarvelEventsNotFoundTableViewCell.swift in Sources */ = {isa = PBXBuildFile; fileRef = 65CFDBF920A640FC00BCD143 /* MarvelEventsNotFoundTableViewCell.swift */; };
		65CFDBFC20A640FC00BCD143 /* MarvelEventsNotFoundTableViewCell.xib in Resources */ = {isa = PBXBuildFile; fileRef = 65CFDBFA20A640FC00BCD143 /* MarvelEventsNotFoundTableViewCell.xib */; };
		65CFDBFF20A6415A00BCD143 /* MarvelStoriesNotFoundTableViewCell.swift in Sources */ = {isa = PBXBuildFile; fileRef = 65CFDBFD20A6415A00BCD143 /* MarvelStoriesNotFoundTableViewCell.swift */; };
		65CFDC0020A6415A00BCD143 /* MarvelStoriesNotFoundTableViewCell.xib in Resources */ = {isa = PBXBuildFile; fileRef = 65CFDBFE20A6415A00BCD143 /* MarvelStoriesNotFoundTableViewCell.xib */; };
		F00F59E6209F610F00C7EFDB /* CharacterDetailView.swift in Sources */ = {isa = PBXBuildFile; fileRef = F00F59E5209F610F00C7EFDB /* CharacterDetailView.swift */; };
		F00F59E8209F683900C7EFDB /* MarvelRouter.swift in Sources */ = {isa = PBXBuildFile; fileRef = F00F59E7209F683900C7EFDB /* MarvelRouter.swift */; };
		F00F59EA209F745D00C7EFDB /* Story.swift in Sources */ = {isa = PBXBuildFile; fileRef = F00F59E9209F745D00C7EFDB /* Story.swift */; };
		F00F59EE209FDBDC00C7EFDB /* Comics.swift in Sources */ = {isa = PBXBuildFile; fileRef = F00F59ED209FDBDC00C7EFDB /* Comics.swift */; };
		F03333EB20A8C82400488FDE /* series.json in Resources */ = {isa = PBXBuildFile; fileRef = F03333EA20A8C82400488FDE /* series.json */; };
		F03333ED20A8C88E00488FDE /* SeriesEntityTest.swift in Sources */ = {isa = PBXBuildFile; fileRef = F03333EC20A8C88E00488FDE /* SeriesEntityTest.swift */; };
		F03333EF20A8C92200488FDE /* EventsEntityTest.swift in Sources */ = {isa = PBXBuildFile; fileRef = F03333EE20A8C92200488FDE /* EventsEntityTest.swift */; };
		F03333F120A8C95900488FDE /* events.json in Resources */ = {isa = PBXBuildFile; fileRef = F03333F020A8C95900488FDE /* events.json */; };
		F03333F420A8D0F900488FDE /* MarvelCharacterDetailPopupViewController.swift in Sources */ = {isa = PBXBuildFile; fileRef = F03333F320A8D0F900488FDE /* MarvelCharacterDetailPopupViewController.swift */; };
		F04529E120A448B500FB4D58 /* UIColor+Marvel.swift in Sources */ = {isa = PBXBuildFile; fileRef = F04529E020A448B500FB4D58 /* UIColor+Marvel.swift */; };
		F04529E320A4521000FB4D58 /* MarvelHTTPManager+Series.swift in Sources */ = {isa = PBXBuildFile; fileRef = F04529E220A4521000FB4D58 /* MarvelHTTPManager+Series.swift */; };
		F04529E520A452C500FB4D58 /* Series.swift in Sources */ = {isa = PBXBuildFile; fileRef = F04529E420A452C500FB4D58 /* Series.swift */; };
		F0765EA7209D41A400AA10F1 /* CharacterTableViewCell.swift in Sources */ = {isa = PBXBuildFile; fileRef = F0765EA5209D41A400AA10F1 /* CharacterTableViewCell.swift */; };
		F0765EA8209D41A400AA10F1 /* CharacterTableViewCell.xib in Resources */ = {isa = PBXBuildFile; fileRef = F0765EA6209D41A400AA10F1 /* CharacterTableViewCell.xib */; };
		F0765EB3209D444100AA10F1 /* circular-black-italic.otf in Resources */ = {isa = PBXBuildFile; fileRef = F0765EB1209D443800AA10F1 /* circular-black-italic.otf */; };
		F0765EB4209D444400AA10F1 /* circular-black.otf in Resources */ = {isa = PBXBuildFile; fileRef = F0765EB0209D443800AA10F1 /* circular-black.otf */; };
		F0765EB5209D444600AA10F1 /* circular-bold-italic.otf in Resources */ = {isa = PBXBuildFile; fileRef = F0765EAC209D443800AA10F1 /* circular-bold-italic.otf */; };
		F0765EB6209D444900AA10F1 /* circular-bold.otf in Resources */ = {isa = PBXBuildFile; fileRef = F0765EAE209D443800AA10F1 /* circular-bold.otf */; };
		F0765EB7209D444C00AA10F1 /* circular-book-italic.otf in Resources */ = {isa = PBXBuildFile; fileRef = F0765EAD209D443800AA10F1 /* circular-book-italic.otf */; };
		F0765EB8209D444E00AA10F1 /* circular-book.otf in Resources */ = {isa = PBXBuildFile; fileRef = F0765EB2209D443900AA10F1 /* circular-book.otf */; };
		F0765EB9209D445100AA10F1 /* circular-medium-italic.otf in Resources */ = {isa = PBXBuildFile; fileRef = F0765EAF209D443800AA10F1 /* circular-medium-italic.otf */; };
		F0765EBA209D445400AA10F1 /* circular-medium.otf in Resources */ = {isa = PBXBuildFile; fileRef = F0765EAB209D443800AA10F1 /* circular-medium.otf */; };
		F0765EBE209D4DDC00AA10F1 /* MarvelCharViewController.swift in Sources */ = {isa = PBXBuildFile; fileRef = F0765EBD209D4DDC00AA10F1 /* MarvelCharViewController.swift */; };
		F0765EC2209D4ED600AA10F1 /* strings.plist in Resources */ = {isa = PBXBuildFile; fileRef = F0765EC1209D4ED600AA10F1 /* strings.plist */; };
		F0765EC4209D4F0D00AA10F1 /* MarvelService.swift in Sources */ = {isa = PBXBuildFile; fileRef = F0765EC3209D4F0D00AA10F1 /* MarvelService.swift */; };
		F0765EC9209D553C00AA10F1 /* Character.swift in Sources */ = {isa = PBXBuildFile; fileRef = F0765EC8209D553C00AA10F1 /* Character.swift */; };
		F0765ECD209DD6B600AA10F1 /* Thumbnail.swift in Sources */ = {isa = PBXBuildFile; fileRef = F0765ECC209DD6B600AA10F1 /* Thumbnail.swift */; };
		F0765ED0209DDBF500AA10F1 /* UIImageView+FetchImage.swift in Sources */ = {isa = PBXBuildFile; fileRef = F0765ECF209DDBF500AA10F1 /* UIImageView+FetchImage.swift */; };
		F0765ED7209DF0A300AA10F1 /* CharacterCollectionViewCell.swift in Sources */ = {isa = PBXBuildFile; fileRef = F0765ED5209DF0A300AA10F1 /* CharacterCollectionViewCell.swift */; };
		F0765ED8209DF0A300AA10F1 /* CharacterCollectionViewCell.xib in Resources */ = {isa = PBXBuildFile; fileRef = F0765ED6209DF0A300AA10F1 /* CharacterCollectionViewCell.xib */; };
		F0765EDB209E378700AA10F1 /* MarvelCharFavoriteCollectionViewCell.swift in Sources */ = {isa = PBXBuildFile; fileRef = F0765ED9209E378700AA10F1 /* MarvelCharFavoriteCollectionViewCell.swift */; };
		F0765EDC209E378700AA10F1 /* MarvelCharFavoriteCollectionViewCell.xib in Resources */ = {isa = PBXBuildFile; fileRef = F0765EDA209E378700AA10F1 /* MarvelCharFavoriteCollectionViewCell.xib */; };
		F09A1A2020A88B7D00101E55 /* CharacterEntityTest.swift in Sources */ = {isa = PBXBuildFile; fileRef = F09A1A1F20A88B7D00101E55 /* CharacterEntityTest.swift */; };
		F09A1A2620A89B0B00101E55 /* character.json in Resources */ = {isa = PBXBuildFile; fileRef = F09A1A2420A89B0A00101E55 /* character.json */; };
		F09A1A2720A89B0B00101E55 /* characters_response.json in Resources */ = {isa = PBXBuildFile; fileRef = F09A1A2520A89B0B00101E55 /* characters_response.json */; };
		F09A1A2A20A89B4100101E55 /* MockHelper.swift in Sources */ = {isa = PBXBuildFile; fileRef = F09A1A2920A89B4100101E55 /* MockHelper.swift */; };
		F0A516DD209E9E20003A6436 /* CharacterCollectionViewDataSource.swift in Sources */ = {isa = PBXBuildFile; fileRef = F0A516DC209E9E20003A6436 /* CharacterCollectionViewDataSource.swift */; };
		F0A516DF209EA364003A6436 /* CharacterFavoriteCollectionViewDataSource.swift in Sources */ = {isa = PBXBuildFile; fileRef = F0A516DE209EA364003A6436 /* CharacterFavoriteCollectionViewDataSource.swift */; };
		F0A516E1209F4981003A6436 /* CharactersCollectionDataSourceInterface.swift in Sources */ = {isa = PBXBuildFile; fileRef = F0A516E0209F4981003A6436 /* CharactersCollectionDataSourceInterface.swift */; };
		F0B1CC46209E7EA200E1A5FA /* MarvelSearchCharViewController.swift in Sources */ = {isa = PBXBuildFile; fileRef = F0B1CC45209E7EA200E1A5FA /* MarvelSearchCharViewController.swift */; };
		F0C146CF20A8B68D009F57BD /* comics.json in Resources */ = {isa = PBXBuildFile; fileRef = F0C146CE20A8B68D009F57BD /* comics.json */; };
		F0C146D120A8B6BA009F57BD /* ComicsEntityTest.swift in Sources */ = {isa = PBXBuildFile; fileRef = F0C146D020A8B6BA009F57BD /* ComicsEntityTest.swift */; };
		F0D0EBFF20A75CA100484E3A /* CoreDataManager.swift in Sources */ = {isa = PBXBuildFile; fileRef = F0D0EBFE20A75CA100484E3A /* CoreDataManager.swift */; };
		F0D0EC0320A762DF00484E3A /* Favorite.xcdatamodeld in Sources */ = {isa = PBXBuildFile; fileRef = F0D0EC0120A762DF00484E3A /* Favorite.xcdatamodeld */; };
		F0D0EC0820A76A5A00484E3A /* CoreData.framework in Frameworks */ = {isa = PBXBuildFile; fileRef = F0D0EC0720A76A5A00484E3A /* CoreData.framework */; };
		F0D0EC0A20A7C1CA00484E3A /* MarvelHTTPManager+CharacterID.swift in Sources */ = {isa = PBXBuildFile; fileRef = F0D0EC0920A7C1CA00484E3A /* MarvelHTTPManager+CharacterID.swift */; };
		F0D0EC0C20A8452800484E3A /* MarvelCharViewController+MarvelFavorite.swift in Sources */ = {isa = PBXBuildFile; fileRef = F0D0EC0B20A8452800484E3A /* MarvelCharViewController+MarvelFavorite.swift */; };
		F0D0EC0E20A8456D00484E3A /* MarvelCharViewController+TableView.swift in Sources */ = {isa = PBXBuildFile; fileRef = F0D0EC0D20A8456D00484E3A /* MarvelCharViewController+TableView.swift */; };
		F0D0EC1020A845B900484E3A /* MarvelCharViewController+MarvelCharacterDelegate.swift in Sources */ = {isa = PBXBuildFile; fileRef = F0D0EC0F20A845B900484E3A /* MarvelCharViewController+MarvelCharacterDelegate.swift */; };
		F0D0EC1220A8606A00484E3A /* MarvelCharacterDetailViewController+MarvelFavorite.swift in Sources */ = {isa = PBXBuildFile; fileRef = F0D0EC1120A8606A00484E3A /* MarvelCharacterDetailViewController+MarvelFavorite.swift */; };
		F0D0EC1420A882D100484E3A /* NSObjectClassNameTest.swift in Sources */ = {isa = PBXBuildFile; fileRef = F0D0EC1320A882D100484E3A /* NSObjectClassNameTest.swift */; };
		F0D0EC1720A8889100484E3A /* UIColor+Marvel+Test.swift in Sources */ = {isa = PBXBuildFile; fileRef = F0D0EC1620A8889100484E3A /* UIColor+Marvel+Test.swift */; };
		F0DE0A03209D346E0006CDC2 /* AppDelegate.swift in Sources */ = {isa = PBXBuildFile; fileRef = F0DE0A02209D346E0006CDC2 /* AppDelegate.swift */; };
		F0DE0A08209D346E0006CDC2 /* Main.storyboard in Resources */ = {isa = PBXBuildFile; fileRef = F0DE0A06209D346E0006CDC2 /* Main.storyboard */; };
		F0DE0A0A209D346E0006CDC2 /* Assets.xcassets in Resources */ = {isa = PBXBuildFile; fileRef = F0DE0A09209D346E0006CDC2 /* Assets.xcassets */; };
		F0DE0A0D209D346E0006CDC2 /* LaunchScreen.storyboard in Resources */ = {isa = PBXBuildFile; fileRef = F0DE0A0B209D346E0006CDC2 /* LaunchScreen.storyboard */; };
/* End PBXBuildFile section */

/* Begin PBXContainerItemProxy section */
		F0DE0A14209D346E0006CDC2 /* PBXContainerItemProxy */ = {
			isa = PBXContainerItemProxy;
			containerPortal = F0DE09F7209D346D0006CDC2 /* Project object */;
			proxyType = 1;
			remoteGlobalIDString = F0DE09FE209D346E0006CDC2;
			remoteInfo = marvelproj;
		};
/* End PBXContainerItemProxy section */

/* Begin PBXFileReference section */
		6506BED320A4ABCA004EF51B /* MarvelCharacterDetailViewController+CollectionViewDatasource.swift */ = {isa = PBXFileReference; lastKnownFileType = sourcecode.swift; path = "MarvelCharacterDetailViewController+CollectionViewDatasource.swift"; sourceTree = "<group>"; };
		6506BED520A4D46A004EF51B /* MarvelCharacterDetailViewController+TableViewDatasource.swift */ = {isa = PBXFileReference; lastKnownFileType = sourcecode.swift; path = "MarvelCharacterDetailViewController+TableViewDatasource.swift"; sourceTree = "<group>"; };
		6506BED720A4D67E004EF51B /* Events.swift */ = {isa = PBXFileReference; lastKnownFileType = sourcecode.swift; path = Events.swift; sourceTree = "<group>"; };
		6506BEDB20A4DB02004EF51B /* MarvelHTTPManager+Events.swift */ = {isa = PBXFileReference; lastKnownFileType = sourcecode.swift; path = "MarvelHTTPManager+Events.swift"; sourceTree = "<group>"; };
		6506BEDD20A4E7C3004EF51B /* MarvelDetailStoriesTableViewCell.swift */ = {isa = PBXFileReference; lastKnownFileType = sourcecode.swift; path = MarvelDetailStoriesTableViewCell.swift; sourceTree = "<group>"; };
		6506BEDE20A4E7C3004EF51B /* MarvelDetailStoriesTableViewCell.xib */ = {isa = PBXFileReference; lastKnownFileType = file.xib; path = MarvelDetailStoriesTableViewCell.xib; sourceTree = "<group>"; };
		6506BEE120A4F1AB004EF51B /* MarvelHTTPManager+Stories.swift */ = {isa = PBXFileReference; lastKnownFileType = sourcecode.swift; path = "MarvelHTTPManager+Stories.swift"; sourceTree = "<group>"; };
		6506BEE320A50434004EF51B /* MarvelConstants.swift */ = {isa = PBXFileReference; lastKnownFileType = sourcecode.swift; path = MarvelConstants.swift; sourceTree = "<group>"; };
		6506BEE820A5CDAD004EF51B /* MarvelDetailTransitionViewController.swift */ = {isa = PBXFileReference; lastKnownFileType = sourcecode.swift; path = MarvelDetailTransitionViewController.swift; sourceTree = "<group>"; };
		65843C9F20A3479A00C8EE7A /* MarvelHTTPManager.swift */ = {isa = PBXFileReference; lastKnownFileType = sourcecode.swift; path = MarvelHTTPManager.swift; sourceTree = "<group>"; };
		65843CA420A3565D00C8EE7A /* SwiftMD5.swift */ = {isa = PBXFileReference; fileEncoding = 4; lastKnownFileType = sourcecode.swift; path = SwiftMD5.swift; sourceTree = "<group>"; };
		65843CA520A3565D00C8EE7A /* String+MD5.swift */ = {isa = PBXFileReference; fileEncoding = 4; lastKnownFileType = sourcecode.swift; path = "String+MD5.swift"; sourceTree = "<group>"; };
		6585A68D20A3C39400F09789 /* MarvelHTTPManager+Characters.swift */ = {isa = PBXFileReference; lastKnownFileType = sourcecode.swift; path = "MarvelHTTPManager+Characters.swift"; sourceTree = "<group>"; };
		6585A68F20A3C3C900F09789 /* MarvelHTTPManager+Comics.swift */ = {isa = PBXFileReference; lastKnownFileType = sourcecode.swift; path = "MarvelHTTPManager+Comics.swift"; sourceTree = "<group>"; };
		6585A69120A3C3F800F09789 /* MarvelHTTPManager+CharactersByName.swift */ = {isa = PBXFileReference; lastKnownFileType = sourcecode.swift; path = "MarvelHTTPManager+CharactersByName.swift"; sourceTree = "<group>"; };
		6585A69720A3C6FF00F09789 /* QueryBuilder.swift */ = {isa = PBXFileReference; lastKnownFileType = sourcecode.swift; path = QueryBuilder.swift; sourceTree = "<group>"; };
		6585A69920A3CE5F00F09789 /* MarvelDetailTableViewHeaderCellTableViewCell.swift */ = {isa = PBXFileReference; lastKnownFileType = sourcecode.swift; path = MarvelDetailTableViewHeaderCellTableViewCell.swift; sourceTree = "<group>"; };
		6585A69A20A3CE5F00F09789 /* MarvelDetailTableViewHeaderCellTableViewCell.xib */ = {isa = PBXFileReference; lastKnownFileType = file.xib; path = MarvelDetailTableViewHeaderCellTableViewCell.xib; sourceTree = "<group>"; };
		658B557F20A1FF7C00865189 /* MarvelDetailTableViewCell.swift */ = {isa = PBXFileReference; lastKnownFileType = sourcecode.swift; path = MarvelDetailTableViewCell.swift; sourceTree = "<group>"; };
		658B558020A1FF7C00865189 /* MarvelDetailTableViewCell.xib */ = {isa = PBXFileReference; lastKnownFileType = file.xib; path = MarvelDetailTableViewCell.xib; sourceTree = "<group>"; };
		658B558320A1FFE400865189 /* MarvelDetailCollectionViewCell.swift */ = {isa = PBXFileReference; lastKnownFileType = sourcecode.swift; path = MarvelDetailCollectionViewCell.swift; sourceTree = "<group>"; };
		658B558420A1FFE400865189 /* MarvelDetailCollectionViewCell.xib */ = {isa = PBXFileReference; lastKnownFileType = file.xib; path = MarvelDetailCollectionViewCell.xib; sourceTree = "<group>"; };
		658B558820A200CD00865189 /* MarvelCharacterDetailViewController.swift */ = {isa = PBXFileReference; lastKnownFileType = sourcecode.swift; path = MarvelCharacterDetailViewController.swift; sourceTree = "<group>"; };
		658B558A20A2065E00865189 /* NSObject+ClassName.swift */ = {isa = PBXFileReference; lastKnownFileType = sourcecode.swift; path = "NSObject+ClassName.swift"; sourceTree = "<group>"; };
		65CFDBF120A63D2000BCD143 /* MarvelComicsNotFoundTableViewCell.swift */ = {isa = PBXFileReference; lastKnownFileType = sourcecode.swift; path = MarvelComicsNotFoundTableViewCell.swift; sourceTree = "<group>"; };
		65CFDBF220A63D2100BCD143 /* MarvelComicsNotFoundTableViewCell.xib */ = {isa = PBXFileReference; lastKnownFileType = file.xib; path = MarvelComicsNotFoundTableViewCell.xib; sourceTree = "<group>"; };
		65CFDBF520A63F8100BCD143 /* MarvelSeriesNotFoundTableViewCell.swift */ = {isa = PBXFileReference; lastKnownFileType = sourcecode.swift; path = MarvelSeriesNotFoundTableViewCell.swift; sourceTree = "<group>"; };
		65CFDBF620A63F8100BCD143 /* MarvelSeriesNotFoundTableViewCell.xib */ = {isa = PBXFileReference; lastKnownFileType = file.xib; path = MarvelSeriesNotFoundTableViewCell.xib; sourceTree = "<group>"; };
		65CFDBF920A640FC00BCD143 /* MarvelEventsNotFoundTableViewCell.swift */ = {isa = PBXFileReference; lastKnownFileType = sourcecode.swift; path = MarvelEventsNotFoundTableViewCell.swift; sourceTree = "<group>"; };
		65CFDBFA20A640FC00BCD143 /* MarvelEventsNotFoundTableViewCell.xib */ = {isa = PBXFileReference; lastKnownFileType = file.xib; path = MarvelEventsNotFoundTableViewCell.xib; sourceTree = "<group>"; };
		65CFDBFD20A6415A00BCD143 /* MarvelStoriesNotFoundTableViewCell.swift */ = {isa = PBXFileReference; lastKnownFileType = sourcecode.swift; path = MarvelStoriesNotFoundTableViewCell.swift; sourceTree = "<group>"; };
		65CFDBFE20A6415A00BCD143 /* MarvelStoriesNotFoundTableViewCell.xib */ = {isa = PBXFileReference; lastKnownFileType = file.xib; path = MarvelStoriesNotFoundTableViewCell.xib; sourceTree = "<group>"; };
		F00F59E5209F610F00C7EFDB /* CharacterDetailView.swift */ = {isa = PBXFileReference; lastKnownFileType = sourcecode.swift; path = CharacterDetailView.swift; sourceTree = "<group>"; };
		F00F59E7209F683900C7EFDB /* MarvelRouter.swift */ = {isa = PBXFileReference; lastKnownFileType = sourcecode.swift; path = MarvelRouter.swift; sourceTree = "<group>"; };
		F00F59E9209F745D00C7EFDB /* Story.swift */ = {isa = PBXFileReference; lastKnownFileType = sourcecode.swift; path = Story.swift; sourceTree = "<group>"; };
		F00F59ED209FDBDC00C7EFDB /* Comics.swift */ = {isa = PBXFileReference; lastKnownFileType = sourcecode.swift; path = Comics.swift; sourceTree = "<group>"; };
		F03333EA20A8C82400488FDE /* series.json */ = {isa = PBXFileReference; lastKnownFileType = text.json; path = series.json; sourceTree = "<group>"; };
		F03333EC20A8C88E00488FDE /* SeriesEntityTest.swift */ = {isa = PBXFileReference; lastKnownFileType = sourcecode.swift; path = SeriesEntityTest.swift; sourceTree = "<group>"; };
		F03333EE20A8C92200488FDE /* EventsEntityTest.swift */ = {isa = PBXFileReference; lastKnownFileType = sourcecode.swift; path = EventsEntityTest.swift; sourceTree = "<group>"; };
		F03333F020A8C95900488FDE /* events.json */ = {isa = PBXFileReference; lastKnownFileType = text.json; path = events.json; sourceTree = "<group>"; };
		F03333F320A8D0F900488FDE /* MarvelCharacterDetailPopupViewController.swift */ = {isa = PBXFileReference; lastKnownFileType = sourcecode.swift; path = MarvelCharacterDetailPopupViewController.swift; sourceTree = "<group>"; };
		F04529E020A448B500FB4D58 /* UIColor+Marvel.swift */ = {isa = PBXFileReference; lastKnownFileType = sourcecode.swift; path = "UIColor+Marvel.swift"; sourceTree = "<group>"; };
		F04529E220A4521000FB4D58 /* MarvelHTTPManager+Series.swift */ = {isa = PBXFileReference; lastKnownFileType = sourcecode.swift; path = "MarvelHTTPManager+Series.swift"; sourceTree = "<group>"; };
		F04529E420A452C500FB4D58 /* Series.swift */ = {isa = PBXFileReference; lastKnownFileType = sourcecode.swift; path = Series.swift; sourceTree = "<group>"; };
		F0765EA5209D41A400AA10F1 /* CharacterTableViewCell.swift */ = {isa = PBXFileReference; lastKnownFileType = sourcecode.swift; path = CharacterTableViewCell.swift; sourceTree = "<group>"; };
		F0765EA6209D41A400AA10F1 /* CharacterTableViewCell.xib */ = {isa = PBXFileReference; lastKnownFileType = file.xib; path = CharacterTableViewCell.xib; sourceTree = "<group>"; };
		F0765EAB209D443800AA10F1 /* circular-medium.otf */ = {isa = PBXFileReference; lastKnownFileType = file; path = "circular-medium.otf"; sourceTree = "<group>"; };
		F0765EAC209D443800AA10F1 /* circular-bold-italic.otf */ = {isa = PBXFileReference; lastKnownFileType = file; path = "circular-bold-italic.otf"; sourceTree = "<group>"; };
		F0765EAD209D443800AA10F1 /* circular-book-italic.otf */ = {isa = PBXFileReference; lastKnownFileType = file; path = "circular-book-italic.otf"; sourceTree = "<group>"; };
		F0765EAE209D443800AA10F1 /* circular-bold.otf */ = {isa = PBXFileReference; lastKnownFileType = file; path = "circular-bold.otf"; sourceTree = "<group>"; };
		F0765EAF209D443800AA10F1 /* circular-medium-italic.otf */ = {isa = PBXFileReference; lastKnownFileType = file; path = "circular-medium-italic.otf"; sourceTree = "<group>"; };
		F0765EB0209D443800AA10F1 /* circular-black.otf */ = {isa = PBXFileReference; lastKnownFileType = file; path = "circular-black.otf"; sourceTree = "<group>"; };
		F0765EB1209D443800AA10F1 /* circular-black-italic.otf */ = {isa = PBXFileReference; lastKnownFileType = file; path = "circular-black-italic.otf"; sourceTree = "<group>"; };
		F0765EB2209D443900AA10F1 /* circular-book.otf */ = {isa = PBXFileReference; lastKnownFileType = file; path = "circular-book.otf"; sourceTree = "<group>"; };
		F0765EBD209D4DDC00AA10F1 /* MarvelCharViewController.swift */ = {isa = PBXFileReference; lastKnownFileType = sourcecode.swift; path = MarvelCharViewController.swift; sourceTree = "<group>"; };
		F0765EC1209D4ED600AA10F1 /* strings.plist */ = {isa = PBXFileReference; lastKnownFileType = text.plist.xml; path = strings.plist; sourceTree = "<group>"; };
		F0765EC3209D4F0D00AA10F1 /* MarvelService.swift */ = {isa = PBXFileReference; lastKnownFileType = sourcecode.swift; path = MarvelService.swift; sourceTree = "<group>"; };
		F0765EC8209D553C00AA10F1 /* Character.swift */ = {isa = PBXFileReference; lastKnownFileType = sourcecode.swift; path = Character.swift; sourceTree = "<group>"; };
		F0765ECC209DD6B600AA10F1 /* Thumbnail.swift */ = {isa = PBXFileReference; lastKnownFileType = sourcecode.swift; path = Thumbnail.swift; sourceTree = "<group>"; };
		F0765ECF209DDBF500AA10F1 /* UIImageView+FetchImage.swift */ = {isa = PBXFileReference; lastKnownFileType = sourcecode.swift; path = "UIImageView+FetchImage.swift"; sourceTree = "<group>"; };
		F0765ED1209DE37000AA10F1 /* marvelproj-Bridging-Header.h */ = {isa = PBXFileReference; lastKnownFileType = sourcecode.c.h; path = "marvelproj-Bridging-Header.h"; sourceTree = "<group>"; };
		F0765ED5209DF0A300AA10F1 /* CharacterCollectionViewCell.swift */ = {isa = PBXFileReference; lastKnownFileType = sourcecode.swift; path = CharacterCollectionViewCell.swift; sourceTree = "<group>"; };
		F0765ED6209DF0A300AA10F1 /* CharacterCollectionViewCell.xib */ = {isa = PBXFileReference; lastKnownFileType = file.xib; path = CharacterCollectionViewCell.xib; sourceTree = "<group>"; };
		F0765ED9209E378700AA10F1 /* MarvelCharFavoriteCollectionViewCell.swift */ = {isa = PBXFileReference; lastKnownFileType = sourcecode.swift; path = MarvelCharFavoriteCollectionViewCell.swift; sourceTree = "<group>"; };
		F0765EDA209E378700AA10F1 /* MarvelCharFavoriteCollectionViewCell.xib */ = {isa = PBXFileReference; lastKnownFileType = file.xib; path = MarvelCharFavoriteCollectionViewCell.xib; sourceTree = "<group>"; };
		F09A1A1F20A88B7D00101E55 /* CharacterEntityTest.swift */ = {isa = PBXFileReference; lastKnownFileType = sourcecode.swift; path = CharacterEntityTest.swift; sourceTree = "<group>"; };
		F09A1A2420A89B0A00101E55 /* character.json */ = {isa = PBXFileReference; fileEncoding = 4; lastKnownFileType = text.json; path = character.json; sourceTree = "<group>"; };
		F09A1A2520A89B0B00101E55 /* characters_response.json */ = {isa = PBXFileReference; fileEncoding = 4; lastKnownFileType = text.json; path = characters_response.json; sourceTree = "<group>"; };
		F09A1A2920A89B4100101E55 /* MockHelper.swift */ = {isa = PBXFileReference; lastKnownFileType = sourcecode.swift; path = MockHelper.swift; sourceTree = "<group>"; };
		F0A516DC209E9E20003A6436 /* CharacterCollectionViewDataSource.swift */ = {isa = PBXFileReference; lastKnownFileType = sourcecode.swift; path = CharacterCollectionViewDataSource.swift; sourceTree = "<group>"; };
		F0A516DE209EA364003A6436 /* CharacterFavoriteCollectionViewDataSource.swift */ = {isa = PBXFileReference; lastKnownFileType = sourcecode.swift; path = CharacterFavoriteCollectionViewDataSource.swift; sourceTree = "<group>"; };
		F0A516E0209F4981003A6436 /* CharactersCollectionDataSourceInterface.swift */ = {isa = PBXFileReference; lastKnownFileType = sourcecode.swift; path = CharactersCollectionDataSourceInterface.swift; sourceTree = "<group>"; };
		F0B1CC45209E7EA200E1A5FA /* MarvelSearchCharViewController.swift */ = {isa = PBXFileReference; lastKnownFileType = sourcecode.swift; path = MarvelSearchCharViewController.swift; sourceTree = "<group>"; };
		F0C146CE20A8B68D009F57BD /* comics.json */ = {isa = PBXFileReference; lastKnownFileType = text.json; path = comics.json; sourceTree = "<group>"; };
		F0C146D020A8B6BA009F57BD /* ComicsEntityTest.swift */ = {isa = PBXFileReference; lastKnownFileType = sourcecode.swift; path = ComicsEntityTest.swift; sourceTree = "<group>"; };
		F0D0EBFE20A75CA100484E3A /* CoreDataManager.swift */ = {isa = PBXFileReference; lastKnownFileType = sourcecode.swift; path = CoreDataManager.swift; sourceTree = "<group>"; };
		F0D0EC0220A762DF00484E3A /* Favorite.xcdatamodel */ = {isa = PBXFileReference; lastKnownFileType = wrapper.xcdatamodel; path = Favorite.xcdatamodel; sourceTree = "<group>"; };
		F0D0EC0720A76A5A00484E3A /* CoreData.framework */ = {isa = PBXFileReference; lastKnownFileType = wrapper.framework; name = CoreData.framework; path = System/Library/Frameworks/CoreData.framework; sourceTree = SDKROOT; };
		F0D0EC0920A7C1CA00484E3A /* MarvelHTTPManager+CharacterID.swift */ = {isa = PBXFileReference; lastKnownFileType = sourcecode.swift; path = "MarvelHTTPManager+CharacterID.swift"; sourceTree = "<group>"; };
		F0D0EC0B20A8452800484E3A /* MarvelCharViewController+MarvelFavorite.swift */ = {isa = PBXFileReference; lastKnownFileType = sourcecode.swift; path = "MarvelCharViewController+MarvelFavorite.swift"; sourceTree = "<group>"; };
		F0D0EC0D20A8456D00484E3A /* MarvelCharViewController+TableView.swift */ = {isa = PBXFileReference; lastKnownFileType = sourcecode.swift; path = "MarvelCharViewController+TableView.swift"; sourceTree = "<group>"; };
		F0D0EC0F20A845B900484E3A /* MarvelCharViewController+MarvelCharacterDelegate.swift */ = {isa = PBXFileReference; lastKnownFileType = sourcecode.swift; path = "MarvelCharViewController+MarvelCharacterDelegate.swift"; sourceTree = "<group>"; };
		F0D0EC1120A8606A00484E3A /* MarvelCharacterDetailViewController+MarvelFavorite.swift */ = {isa = PBXFileReference; lastKnownFileType = sourcecode.swift; path = "MarvelCharacterDetailViewController+MarvelFavorite.swift"; sourceTree = "<group>"; };
		F0D0EC1320A882D100484E3A /* NSObjectClassNameTest.swift */ = {isa = PBXFileReference; lastKnownFileType = sourcecode.swift; path = NSObjectClassNameTest.swift; sourceTree = "<group>"; };
		F0D0EC1620A8889100484E3A /* UIColor+Marvel+Test.swift */ = {isa = PBXFileReference; lastKnownFileType = sourcecode.swift; path = "UIColor+Marvel+Test.swift"; sourceTree = "<group>"; };
		F0DE09FF209D346E0006CDC2 /* marvelproj.app */ = {isa = PBXFileReference; explicitFileType = wrapper.application; includeInIndex = 0; path = marvelproj.app; sourceTree = BUILT_PRODUCTS_DIR; };
		F0DE0A02209D346E0006CDC2 /* AppDelegate.swift */ = {isa = PBXFileReference; lastKnownFileType = sourcecode.swift; path = AppDelegate.swift; sourceTree = "<group>"; };
		F0DE0A07209D346E0006CDC2 /* Base */ = {isa = PBXFileReference; lastKnownFileType = file.storyboard; name = Base; path = Base.lproj/Main.storyboard; sourceTree = "<group>"; };
		F0DE0A09209D346E0006CDC2 /* Assets.xcassets */ = {isa = PBXFileReference; lastKnownFileType = folder.assetcatalog; path = Assets.xcassets; sourceTree = "<group>"; };
		F0DE0A0C209D346E0006CDC2 /* Base */ = {isa = PBXFileReference; lastKnownFileType = file.storyboard; name = Base; path = Base.lproj/LaunchScreen.storyboard; sourceTree = "<group>"; };
		F0DE0A0E209D346E0006CDC2 /* Info.plist */ = {isa = PBXFileReference; lastKnownFileType = text.plist.xml; path = Info.plist; sourceTree = "<group>"; };
		F0DE0A13209D346E0006CDC2 /* marvelprojTests.xctest */ = {isa = PBXFileReference; explicitFileType = wrapper.cfbundle; includeInIndex = 0; path = marvelprojTests.xctest; sourceTree = BUILT_PRODUCTS_DIR; };
		F0DE0A19209D346E0006CDC2 /* Info.plist */ = {isa = PBXFileReference; lastKnownFileType = text.plist.xml; path = Info.plist; sourceTree = "<group>"; };
/* End PBXFileReference section */

/* Begin PBXFrameworksBuildPhase section */
		F0DE09FC209D346E0006CDC2 /* Frameworks */ = {
			isa = PBXFrameworksBuildPhase;
			buildActionMask = 2147483647;
			files = (
				F0D0EC0820A76A5A00484E3A /* CoreData.framework in Frameworks */,
			);
			runOnlyForDeploymentPostprocessing = 0;
		};
		F0DE0A10209D346E0006CDC2 /* Frameworks */ = {
			isa = PBXFrameworksBuildPhase;
			buildActionMask = 2147483647;
			files = (
			);
			runOnlyForDeploymentPostprocessing = 0;
		};
/* End PBXFrameworksBuildPhase section */

/* Begin PBXGroup section */
		15AC8A6D53A30CAA99F87EDE /* Pods */ = {
			isa = PBXGroup;
			children = (
			);
			name = Pods;
			sourceTree = "<group>";
		};
		1A529E315A1625805718356F /* Frameworks */ = {
			isa = PBXGroup;
			children = (
				F0D0EC0720A76A5A00484E3A /* CoreData.framework */,
			);
			name = Frameworks;
			sourceTree = "<group>";
		};
		6506BEE520A505AB004EF51B /* controllers */ = {
			isa = PBXGroup;
			children = (
				6506BEEA20A5E121004EF51B /* transition */,
				F0A516DB209E9DB2003A6436 /* datasources */,
				6506BEE720A505E8004EF51B /* home */,
				6506BEE620A505D5004EF51B /* search */,
				658B558720A200BB00865189 /* detail */,
			);
			path = controllers;
			sourceTree = "<group>";
		};
		6506BEE620A505D5004EF51B /* search */ = {
			isa = PBXGroup;
			children = (
				F0B1CC45209E7EA200E1A5FA /* MarvelSearchCharViewController.swift */,
			);
			path = search;
			sourceTree = "<group>";
		};
		6506BEE720A505E8004EF51B /* home */ = {
			isa = PBXGroup;
			children = (
				F0765EBD209D4DDC00AA10F1 /* MarvelCharViewController.swift */,
				F0D0EC0B20A8452800484E3A /* MarvelCharViewController+MarvelFavorite.swift */,
				F0D0EC0D20A8456D00484E3A /* MarvelCharViewController+TableView.swift */,
				F0D0EC0F20A845B900484E3A /* MarvelCharViewController+MarvelCharacterDelegate.swift */,
			);
			path = home;
			sourceTree = "<group>";
		};
		6506BEEA20A5E121004EF51B /* transition */ = {
			isa = PBXGroup;
			children = (
				6506BEE820A5CDAD004EF51B /* MarvelDetailTransitionViewController.swift */,
			);
			path = transition;
			sourceTree = "<group>";
		};
		65843C9E20A3462C00C8EE7A /* networking */ = {
			isa = PBXGroup;
			children = (
				6585A69320A3C6D500F09789 /* query */,
				65843C9F20A3479A00C8EE7A /* MarvelHTTPManager.swift */,
				6585A68D20A3C39400F09789 /* MarvelHTTPManager+Characters.swift */,
				F0D0EC0920A7C1CA00484E3A /* MarvelHTTPManager+CharacterID.swift */,
				6585A68F20A3C3C900F09789 /* MarvelHTTPManager+Comics.swift */,
				6585A69120A3C3F800F09789 /* MarvelHTTPManager+CharactersByName.swift */,
				F04529E220A4521000FB4D58 /* MarvelHTTPManager+Series.swift */,
				6506BEDB20A4DB02004EF51B /* MarvelHTTPManager+Events.swift */,
				6506BEE120A4F1AB004EF51B /* MarvelHTTPManager+Stories.swift */,
			);
			path = networking;
			sourceTree = "<group>";
		};
		6585A69320A3C6D500F09789 /* query */ = {
			isa = PBXGroup;
			children = (
				6585A69720A3C6FF00F09789 /* QueryBuilder.swift */,
			);
			path = query;
			sourceTree = "<group>";
		};
		658B557E20A1FF5A00865189 /* detail */ = {
			isa = PBXGroup;
			children = (
				65CFDBEE20A63BF000BCD143 /* notfound */,
				658B557F20A1FF7C00865189 /* MarvelDetailTableViewCell.swift */,
				658B558020A1FF7C00865189 /* MarvelDetailTableViewCell.xib */,
				658B558320A1FFE400865189 /* MarvelDetailCollectionViewCell.swift */,
				658B558420A1FFE400865189 /* MarvelDetailCollectionViewCell.xib */,
				6585A69920A3CE5F00F09789 /* MarvelDetailTableViewHeaderCellTableViewCell.swift */,
				6585A69A20A3CE5F00F09789 /* MarvelDetailTableViewHeaderCellTableViewCell.xib */,
				6506BEDD20A4E7C3004EF51B /* MarvelDetailStoriesTableViewCell.swift */,
				6506BEDE20A4E7C3004EF51B /* MarvelDetailStoriesTableViewCell.xib */,
			);
			path = detail;
			sourceTree = "<group>";
		};
		658B558720A200BB00865189 /* detail */ = {
			isa = PBXGroup;
			children = (
				F03333F220A8D0D800488FDE /* popup */,
				658B558820A200CD00865189 /* MarvelCharacterDetailViewController.swift */,
				6506BED520A4D46A004EF51B /* MarvelCharacterDetailViewController+TableViewDatasource.swift */,
				6506BED320A4ABCA004EF51B /* MarvelCharacterDetailViewController+CollectionViewDatasource.swift */,
				F0D0EC1120A8606A00484E3A /* MarvelCharacterDetailViewController+MarvelFavorite.swift */,
			);
			path = detail;
			sourceTree = "<group>";
		};
		659C5B0A20A0ACAD00746A64 /* storyboards */ = {
			isa = PBXGroup;
			children = (
				F0DE0A06209D346E0006CDC2 /* Main.storyboard */,
				F0DE0A0B209D346E0006CDC2 /* LaunchScreen.storyboard */,
			);
			path = storyboards;
			sourceTree = "<group>";
		};
		659C5B1220A0AEB200746A64 /* appdelegate */ = {
			isa = PBXGroup;
			children = (
				F0DE0A02209D346E0006CDC2 /* AppDelegate.swift */,
			);
			path = appdelegate;
			sourceTree = "<group>";
		};
		65CFDBEE20A63BF000BCD143 /* notfound */ = {
			isa = PBXGroup;
			children = (
				65CFDBF120A63D2000BCD143 /* MarvelComicsNotFoundTableViewCell.swift */,
				65CFDBF220A63D2100BCD143 /* MarvelComicsNotFoundTableViewCell.xib */,
				65CFDBF520A63F8100BCD143 /* MarvelSeriesNotFoundTableViewCell.swift */,
				65CFDBF620A63F8100BCD143 /* MarvelSeriesNotFoundTableViewCell.xib */,
				65CFDBF920A640FC00BCD143 /* MarvelEventsNotFoundTableViewCell.swift */,
				65CFDBFA20A640FC00BCD143 /* MarvelEventsNotFoundTableViewCell.xib */,
				65CFDBFD20A6415A00BCD143 /* MarvelStoriesNotFoundTableViewCell.swift */,
				65CFDBFE20A6415A00BCD143 /* MarvelStoriesNotFoundTableViewCell.xib */,
			);
			path = notfound;
			sourceTree = "<group>";
		};
		F00F59E2209F5C1F00C7EFDB /* router */ = {
			isa = PBXGroup;
			children = (
				F00F59E7209F683900C7EFDB /* MarvelRouter.swift */,
			);
			path = router;
			sourceTree = "<group>";
		};
		F03333F220A8D0D800488FDE /* popup */ = {
			isa = PBXGroup;
			children = (
				F03333F320A8D0F900488FDE /* MarvelCharacterDetailPopupViewController.swift */,
			);
			path = popup;
			sourceTree = "<group>";
		};
		F0765EA4209D3FF800AA10F1 /* xibs */ = {
			isa = PBXGroup;
			children = (
				F0D0EBFB20A73E0800484E3A /* favorite */,
				658B557E20A1FF5A00865189 /* detail */,
				F0765EA5209D41A400AA10F1 /* CharacterTableViewCell.swift */,
				F0765EA6209D41A400AA10F1 /* CharacterTableViewCell.xib */,
				F0765ED5209DF0A300AA10F1 /* CharacterCollectionViewCell.swift */,
				F0765ED6209DF0A300AA10F1 /* CharacterCollectionViewCell.xib */,
				F00F59E5209F610F00C7EFDB /* CharacterDetailView.swift */,
			);
			path = xibs;
			sourceTree = "<group>";
		};
		F0765EA9209D422300AA10F1 /* views */ = {
			isa = PBXGroup;
			children = (
				6506BEE520A505AB004EF51B /* controllers */,
				F0765EA4209D3FF800AA10F1 /* xibs */,
			);
			path = views;
			sourceTree = "<group>";
		};
		F0765EAA209D443100AA10F1 /* fonts */ = {
			isa = PBXGroup;
			children = (
				F0765EB1209D443800AA10F1 /* circular-black-italic.otf */,
				F0765EB0209D443800AA10F1 /* circular-black.otf */,
				F0765EAC209D443800AA10F1 /* circular-bold-italic.otf */,
				F0765EAE209D443800AA10F1 /* circular-bold.otf */,
				F0765EAD209D443800AA10F1 /* circular-book-italic.otf */,
				F0765EB2209D443900AA10F1 /* circular-book.otf */,
				F0765EAF209D443800AA10F1 /* circular-medium-italic.otf */,
				F0765EAB209D443800AA10F1 /* circular-medium.otf */,
			);
			path = fonts;
			sourceTree = "<group>";
		};
		F0765EC0209D4E8300AA10F1 /* utils */ = {
			isa = PBXGroup;
			children = (
				F0765EAA209D443100AA10F1 /* fonts */,
				F0765ECE209DDBDC00AA10F1 /* extensions */,
				F0765EC1209D4ED600AA10F1 /* strings.plist */,
				F0765EC3209D4F0D00AA10F1 /* MarvelService.swift */,
				6506BEE320A50434004EF51B /* MarvelConstants.swift */,
			);
			path = utils;
			sourceTree = "<group>";
		};
		F0765EC7209D547D00AA10F1 /* entities */ = {
			isa = PBXGroup;
			children = (
				F0765EC8209D553C00AA10F1 /* Character.swift */,
				F0765ECC209DD6B600AA10F1 /* Thumbnail.swift */,
				F00F59E9209F745D00C7EFDB /* Story.swift */,
				F00F59ED209FDBDC00C7EFDB /* Comics.swift */,
				F04529E420A452C500FB4D58 /* Series.swift */,
				6506BED720A4D67E004EF51B /* Events.swift */,
			);
			path = entities;
			sourceTree = "<group>";
		};
		F0765ECE209DDBDC00AA10F1 /* extensions */ = {
			isa = PBXGroup;
			children = (
				65843CA520A3565D00C8EE7A /* String+MD5.swift */,
				65843CA420A3565D00C8EE7A /* SwiftMD5.swift */,
				F0765ECF209DDBF500AA10F1 /* UIImageView+FetchImage.swift */,
				658B558A20A2065E00865189 /* NSObject+ClassName.swift */,
				F04529E020A448B500FB4D58 /* UIColor+Marvel.swift */,
			);
			path = extensions;
			sourceTree = "<group>";
		};
		F09A1A1D20A88B1800101E55 /* entities */ = {
			isa = PBXGroup;
			children = (
				F09A1A1F20A88B7D00101E55 /* CharacterEntityTest.swift */,
				F0C146D020A8B6BA009F57BD /* ComicsEntityTest.swift */,
				F03333EC20A8C88E00488FDE /* SeriesEntityTest.swift */,
				F03333EE20A8C92200488FDE /* EventsEntityTest.swift */,
			);
			path = entities;
			sourceTree = "<group>";
		};
		F09A1A1E20A88B6300101E55 /* views */ = {
			isa = PBXGroup;
			children = (
			);
			path = views;
			sourceTree = "<group>";
		};
		F09A1A2120A88D7400101E55 /* jsons */ = {
			isa = PBXGroup;
			children = (
				F09A1A2420A89B0A00101E55 /* character.json */,
				F09A1A2520A89B0B00101E55 /* characters_response.json */,
				F0C146CE20A8B68D009F57BD /* comics.json */,
				F03333EA20A8C82400488FDE /* series.json */,
				F03333F020A8C95900488FDE /* events.json */,
			);
			path = jsons;
			sourceTree = "<group>";
		};
		F09A1A2820A89B1E00101E55 /* service */ = {
			isa = PBXGroup;
			children = (
				F09A1A2920A89B4100101E55 /* MockHelper.swift */,
			);
			path = service;
			sourceTree = "<group>";
		};
		F0A516DB209E9DB2003A6436 /* datasources */ = {
			isa = PBXGroup;
			children = (
				F0A516E3209F4A02003A6436 /* tables */,
				F0A516E2209F49FB003A6436 /* collections */,
			);
			path = datasources;
			sourceTree = "<group>";
		};
		F0A516E2209F49FB003A6436 /* collections */ = {
			isa = PBXGroup;
			children = (
				F0A516DE209EA364003A6436 /* CharacterFavoriteCollectionViewDataSource.swift */,
				F0A516DC209E9E20003A6436 /* CharacterCollectionViewDataSource.swift */,
				F0A516E0209F4981003A6436 /* CharactersCollectionDataSourceInterface.swift */,
			);
			path = collections;
			sourceTree = "<group>";
		};
		F0A516E3209F4A02003A6436 /* tables */ = {
			isa = PBXGroup;
			children = (
			);
			path = tables;
			sourceTree = "<group>";
		};
		F0D0EBFB20A73E0800484E3A /* favorite */ = {
			isa = PBXGroup;
			children = (
				F0765ED9209E378700AA10F1 /* MarvelCharFavoriteCollectionViewCell.swift */,
				F0765EDA209E378700AA10F1 /* MarvelCharFavoriteCollectionViewCell.xib */,
			);
			path = favorite;
			sourceTree = "<group>";
		};
		F0D0EBFC20A75AC400484E3A /* managers */ = {
			isa = PBXGroup;
			children = (
				F0D0EBFD20A75ACF00484E3A /* coredata */,
				65843C9E20A3462C00C8EE7A /* networking */,
			);
			path = managers;
			sourceTree = "<group>";
		};
		F0D0EBFD20A75ACF00484E3A /* coredata */ = {
			isa = PBXGroup;
			children = (
				F0D0EBFE20A75CA100484E3A /* CoreDataManager.swift */,
			);
			path = coredata;
			sourceTree = "<group>";
		};
		F0D0EC0020A762C400484E3A /* coredata */ = {
			isa = PBXGroup;
			children = (
				F0D0EC0120A762DF00484E3A /* Favorite.xcdatamodeld */,
			);
			path = coredata;
			sourceTree = "<group>";
		};
		F0D0EC1520A8887600484E3A /* extensions */ = {
			isa = PBXGroup;
			children = (
				F0D0EC1320A882D100484E3A /* NSObjectClassNameTest.swift */,
				F0D0EC1620A8889100484E3A /* UIColor+Marvel+Test.swift */,
			);
			path = extensions;
			sourceTree = "<group>";
		};
		F0DE09F6209D346D0006CDC2 = {
			isa = PBXGroup;
			children = (
				F0DE0A01209D346E0006CDC2 /* marvelproj */,
				F0DE0A16209D346E0006CDC2 /* marvelprojTests */,
				F0DE0A00209D346E0006CDC2 /* Products */,
				15AC8A6D53A30CAA99F87EDE /* Pods */,
				1A529E315A1625805718356F /* Frameworks */,
			);
			sourceTree = "<group>";
		};
		F0DE0A00209D346E0006CDC2 /* Products */ = {
			isa = PBXGroup;
			children = (
				F0DE09FF209D346E0006CDC2 /* marvelproj.app */,
				F0DE0A13209D346E0006CDC2 /* marvelprojTests.xctest */,
			);
			name = Products;
			sourceTree = "<group>";
		};
		F0DE0A01209D346E0006CDC2 /* marvelproj */ = {
			isa = PBXGroup;
			children = (
				F0D0EC0020A762C400484E3A /* coredata */,
				659C5B0A20A0ACAD00746A64 /* storyboards */,
				F0765EA9209D422300AA10F1 /* views */,
				F0765EC7209D547D00AA10F1 /* entities */,
				F0D0EBFC20A75AC400484E3A /* managers */,
				F0765EC0209D4E8300AA10F1 /* utils */,
				F0DE0A0E209D346E0006CDC2 /* Info.plist */,
				F0DE0A09209D346E0006CDC2 /* Assets.xcassets */,
				F0765ED1209DE37000AA10F1 /* marvelproj-Bridging-Header.h */,
				659C5B1220A0AEB200746A64 /* appdelegate */,
				F00F59E2209F5C1F00C7EFDB /* router */,
			);
			path = marvelproj;
			sourceTree = "<group>";
		};
		F0DE0A16209D346E0006CDC2 /* marvelprojTests */ = {
			isa = PBXGroup;
			children = (
				F09A1A2820A89B1E00101E55 /* service */,
				F09A1A2120A88D7400101E55 /* jsons */,
				F09A1A1E20A88B6300101E55 /* views */,
				F09A1A1D20A88B1800101E55 /* entities */,
				F0D0EC1520A8887600484E3A /* extensions */,
				F0DE0A19209D346E0006CDC2 /* Info.plist */,
			);
			path = marvelprojTests;
			sourceTree = "<group>";
		};
/* End PBXGroup section */

/* Begin PBXNativeTarget section */
		F0DE09FE209D346E0006CDC2 /* marvelproj */ = {
			isa = PBXNativeTarget;
			buildConfigurationList = F0DE0A1C209D346E0006CDC2 /* Build configuration list for PBXNativeTarget "marvelproj" */;
			buildPhases = (
				F0DE09FB209D346E0006CDC2 /* Sources */,
				F0DE09FC209D346E0006CDC2 /* Frameworks */,
				F0DE09FD209D346E0006CDC2 /* Resources */,
				651F2B2B20A0805C007DBC2D /* ShellScript */,
			);
			buildRules = (
			);
			dependencies = (
			);
			name = marvelproj;
			productName = marvelproj;
			productReference = F0DE09FF209D346E0006CDC2 /* marvelproj.app */;
			productType = "com.apple.product-type.application";
		};
		F0DE0A12209D346E0006CDC2 /* marvelprojTests */ = {
			isa = PBXNativeTarget;
			buildConfigurationList = F0DE0A1F209D346E0006CDC2 /* Build configuration list for PBXNativeTarget "marvelprojTests" */;
			buildPhases = (
				F0DE0A0F209D346E0006CDC2 /* Sources */,
				F0DE0A10209D346E0006CDC2 /* Frameworks */,
				F0DE0A11209D346E0006CDC2 /* Resources */,
			);
			buildRules = (
			);
			dependencies = (
				F0DE0A15209D346E0006CDC2 /* PBXTargetDependency */,
			);
			name = marvelprojTests;
			productName = marvelprojTests;
			productReference = F0DE0A13209D346E0006CDC2 /* marvelprojTests.xctest */;
			productType = "com.apple.product-type.bundle.unit-test";
		};
/* End PBXNativeTarget section */

/* Begin PBXProject section */
		F0DE09F7209D346D0006CDC2 /* Project object */ = {
			isa = PBXProject;
			attributes = {
				LastSwiftUpdateCheck = 0920;
				LastUpgradeCheck = 0920;
				ORGANIZATIONNAME = "Andre Nogueira";
				TargetAttributes = {
					F0DE09FE209D346E0006CDC2 = {
						CreatedOnToolsVersion = 9.2;
						LastSwiftMigration = 0920;
						ProvisioningStyle = Automatic;
					};
					F0DE0A12209D346E0006CDC2 = {
						CreatedOnToolsVersion = 9.2;
						ProvisioningStyle = Automatic;
						TestTargetID = F0DE09FE209D346E0006CDC2;
					};
				};
			};
			buildConfigurationList = F0DE09FA209D346D0006CDC2 /* Build configuration list for PBXProject "marvelproj" */;
			compatibilityVersion = "Xcode 8.0";
			developmentRegion = en;
			hasScannedForEncodings = 0;
			knownRegions = (
				en,
				Base,
			);
			mainGroup = F0DE09F6209D346D0006CDC2;
			productRefGroup = F0DE0A00209D346E0006CDC2 /* Products */;
			projectDirPath = "";
			projectRoot = "";
			targets = (
				F0DE09FE209D346E0006CDC2 /* marvelproj */,
				F0DE0A12209D346E0006CDC2 /* marvelprojTests */,
			);
		};
/* End PBXProject section */

/* Begin PBXResourcesBuildPhase section */
		F0DE09FD209D346E0006CDC2 /* Resources */ = {
			isa = PBXResourcesBuildPhase;
			buildActionMask = 2147483647;
			files = (
				65CFDBF820A63F8100BCD143 /* MarvelSeriesNotFoundTableViewCell.xib in Resources */,
				F0765EB7209D444C00AA10F1 /* circular-book-italic.otf in Resources */,
				F0765EC2209D4ED600AA10F1 /* strings.plist in Resources */,
				6506BEE020A4E7C3004EF51B /* MarvelDetailStoriesTableViewCell.xib in Resources */,
				F0765EB9209D445100AA10F1 /* circular-medium-italic.otf in Resources */,
				658B558620A1FFE400865189 /* MarvelDetailCollectionViewCell.xib in Resources */,
				F0765EB3209D444100AA10F1 /* circular-black-italic.otf in Resources */,
				F0765ED8209DF0A300AA10F1 /* CharacterCollectionViewCell.xib in Resources */,
				F0765EB5209D444600AA10F1 /* circular-bold-italic.otf in Resources */,
				F0DE0A0D209D346E0006CDC2 /* LaunchScreen.storyboard in Resources */,
				F0765EBA209D445400AA10F1 /* circular-medium.otf in Resources */,
				65CFDBFC20A640FC00BCD143 /* MarvelEventsNotFoundTableViewCell.xib in Resources */,
				F0765EB6209D444900AA10F1 /* circular-bold.otf in Resources */,
				658B558220A1FF7C00865189 /* MarvelDetailTableViewCell.xib in Resources */,
				F0765EB8209D444E00AA10F1 /* circular-book.otf in Resources */,
				F0765EB4209D444400AA10F1 /* circular-black.otf in Resources */,
				F0765EDC209E378700AA10F1 /* MarvelCharFavoriteCollectionViewCell.xib in Resources */,
				F0DE0A0A209D346E0006CDC2 /* Assets.xcassets in Resources */,
				F0DE0A08209D346E0006CDC2 /* Main.storyboard in Resources */,
				65CFDBF420A63D2100BCD143 /* MarvelComicsNotFoundTableViewCell.xib in Resources */,
				65CFDC0020A6415A00BCD143 /* MarvelStoriesNotFoundTableViewCell.xib in Resources */,
				F0765EA8209D41A400AA10F1 /* CharacterTableViewCell.xib in Resources */,
				6585A69C20A3CE5F00F09789 /* MarvelDetailTableViewHeaderCellTableViewCell.xib in Resources */,
			);
			runOnlyForDeploymentPostprocessing = 0;
		};
		F0DE0A11209D346E0006CDC2 /* Resources */ = {
			isa = PBXResourcesBuildPhase;
			buildActionMask = 2147483647;
			files = (
				F09A1A2720A89B0B00101E55 /* characters_response.json in Resources */,
				F0C146CF20A8B68D009F57BD /* comics.json in Resources */,
				F03333F120A8C95900488FDE /* events.json in Resources */,
				F03333EB20A8C82400488FDE /* series.json in Resources */,
				F09A1A2620A89B0B00101E55 /* character.json in Resources */,
			);
			runOnlyForDeploymentPostprocessing = 0;
		};
/* End PBXResourcesBuildPhase section */

/* Begin PBXShellScriptBuildPhase section */
		651F2B2B20A0805C007DBC2D /* ShellScript */ = {
			isa = PBXShellScriptBuildPhase;
			buildActionMask = 2147483647;
			files = (
			);
			inputPaths = (
			);
			outputPaths = (
			);
			runOnlyForDeploymentPostprocessing = 0;
			shellPath = /bin/sh;
			shellScript = "";
		};
/* End PBXShellScriptBuildPhase section */

/* Begin PBXSourcesBuildPhase section */
		F0DE09FB209D346E0006CDC2 /* Sources */ = {
			isa = PBXSourcesBuildPhase;
			buildActionMask = 2147483647;
			files = (
				F0765ED7209DF0A300AA10F1 /* CharacterCollectionViewCell.swift in Sources */,
				F03333F420A8D0F900488FDE /* MarvelCharacterDetailPopupViewController.swift in Sources */,
				6585A69220A3C3F800F09789 /* MarvelHTTPManager+CharactersByName.swift in Sources */,
				6506BED820A4D67E004EF51B /* Events.swift in Sources */,
				6506BEE420A50434004EF51B /* MarvelConstants.swift in Sources */,
				65843CA620A3565D00C8EE7A /* SwiftMD5.swift in Sources */,
				6585A69820A3C6FF00F09789 /* QueryBuilder.swift in Sources */,
				6585A68E20A3C39400F09789 /* MarvelHTTPManager+Characters.swift in Sources */,
				6506BEDC20A4DB02004EF51B /* MarvelHTTPManager+Events.swift in Sources */,
				658B558520A1FFE400865189 /* MarvelDetailCollectionViewCell.swift in Sources */,
				F0765EC9209D553C00AA10F1 /* Character.swift in Sources */,
				F0765EBE209D4DDC00AA10F1 /* MarvelCharViewController.swift in Sources */,
				65CFDBFB20A640FC00BCD143 /* MarvelEventsNotFoundTableViewCell.swift in Sources */,
				F0D0EC0320A762DF00484E3A /* Favorite.xcdatamodeld in Sources */,
				658B558B20A2065E00865189 /* NSObject+ClassName.swift in Sources */,
				F00F59EA209F745D00C7EFDB /* Story.swift in Sources */,
				F00F59E6209F610F00C7EFDB /* CharacterDetailView.swift in Sources */,
				F0D0EBFF20A75CA100484E3A /* CoreDataManager.swift in Sources */,
				65CFDBF320A63D2100BCD143 /* MarvelComicsNotFoundTableViewCell.swift in Sources */,
				6506BEE220A4F1AB004EF51B /* MarvelHTTPManager+Stories.swift in Sources */,
				658B558920A200CD00865189 /* MarvelCharacterDetailViewController.swift in Sources */,
				F0D0EC0E20A8456D00484E3A /* MarvelCharViewController+TableView.swift in Sources */,
				F0A516DF209EA364003A6436 /* CharacterFavoriteCollectionViewDataSource.swift in Sources */,
				F0B1CC46209E7EA200E1A5FA /* MarvelSearchCharViewController.swift in Sources */,
				6585A69020A3C3C900F09789 /* MarvelHTTPManager+Comics.swift in Sources */,
				6585A69B20A3CE5F00F09789 /* MarvelDetailTableViewHeaderCellTableViewCell.swift in Sources */,
				F04529E120A448B500FB4D58 /* UIColor+Marvel.swift in Sources */,
				F0DE0A03209D346E0006CDC2 /* AppDelegate.swift in Sources */,
				F0A516E1209F4981003A6436 /* CharactersCollectionDataSourceInterface.swift in Sources */,
				65CFDBF720A63F8100BCD143 /* MarvelSeriesNotFoundTableViewCell.swift in Sources */,
				65843CA020A3479A00C8EE7A /* MarvelHTTPManager.swift in Sources */,
				65843CA720A3565D00C8EE7A /* String+MD5.swift in Sources */,
				F00F59E8209F683900C7EFDB /* MarvelRouter.swift in Sources */,
				F0765EDB209E378700AA10F1 /* MarvelCharFavoriteCollectionViewCell.swift in Sources */,
				65CFDBFF20A6415A00BCD143 /* MarvelStoriesNotFoundTableViewCell.swift in Sources */,
				658B558120A1FF7C00865189 /* MarvelDetailTableViewCell.swift in Sources */,
				F0D0EC1220A8606A00484E3A /* MarvelCharacterDetailViewController+MarvelFavorite.swift in Sources */,
				6506BED420A4ABCA004EF51B /* MarvelCharacterDetailViewController+CollectionViewDatasource.swift in Sources */,
				F0D0EC0A20A7C1CA00484E3A /* MarvelHTTPManager+CharacterID.swift in Sources */,
				F0D0EC1020A845B900484E3A /* MarvelCharViewController+MarvelCharacterDelegate.swift in Sources */,
				F0D0EC0C20A8452800484E3A /* MarvelCharViewController+MarvelFavorite.swift in Sources */,
				6506BED620A4D46A004EF51B /* MarvelCharacterDetailViewController+TableViewDatasource.swift in Sources */,
				F00F59EE209FDBDC00C7EFDB /* Comics.swift in Sources */,
				F0765EC4209D4F0D00AA10F1 /* MarvelService.swift in Sources */,
				F0765ECD209DD6B600AA10F1 /* Thumbnail.swift in Sources */,
				F04529E520A452C500FB4D58 /* Series.swift in Sources */,
				F04529E320A4521000FB4D58 /* MarvelHTTPManager+Series.swift in Sources */,
				F0765ED0209DDBF500AA10F1 /* UIImageView+FetchImage.swift in Sources */,
				F0A516DD209E9E20003A6436 /* CharacterCollectionViewDataSource.swift in Sources */,
				6506BEDF20A4E7C3004EF51B /* MarvelDetailStoriesTableViewCell.swift in Sources */,
				F0765EA7209D41A400AA10F1 /* CharacterTableViewCell.swift in Sources */,
				6506BEE920A5CDAD004EF51B /* MarvelDetailTransitionViewController.swift in Sources */,
			);
			runOnlyForDeploymentPostprocessing = 0;
		};
		F0DE0A0F209D346E0006CDC2 /* Sources */ = {
			isa = PBXSourcesBuildPhase;
			buildActionMask = 2147483647;
			files = (
				F03333ED20A8C88E00488FDE /* SeriesEntityTest.swift in Sources */,
				F09A1A2A20A89B4100101E55 /* MockHelper.swift in Sources */,
				F0D0EC1720A8889100484E3A /* UIColor+Marvel+Test.swift in Sources */,
				F03333EF20A8C92200488FDE /* EventsEntityTest.swift in Sources */,
				F0C146D120A8B6BA009F57BD /* ComicsEntityTest.swift in Sources */,
				F09A1A2020A88B7D00101E55 /* CharacterEntityTest.swift in Sources */,
				F0D0EC1420A882D100484E3A /* NSObjectClassNameTest.swift in Sources */,
			);
			runOnlyForDeploymentPostprocessing = 0;
		};
/* End PBXSourcesBuildPhase section */

/* Begin PBXTargetDependency section */
		F0DE0A15209D346E0006CDC2 /* PBXTargetDependency */ = {
			isa = PBXTargetDependency;
			target = F0DE09FE209D346E0006CDC2 /* marvelproj */;
			targetProxy = F0DE0A14209D346E0006CDC2 /* PBXContainerItemProxy */;
		};
/* End PBXTargetDependency section */

/* Begin PBXVariantGroup section */
		F0DE0A06209D346E0006CDC2 /* Main.storyboard */ = {
			isa = PBXVariantGroup;
			children = (
				F0DE0A07209D346E0006CDC2 /* Base */,
			);
			name = Main.storyboard;
			sourceTree = "<group>";
		};
		F0DE0A0B209D346E0006CDC2 /* LaunchScreen.storyboard */ = {
			isa = PBXVariantGroup;
			children = (
				F0DE0A0C209D346E0006CDC2 /* Base */,
			);
			name = LaunchScreen.storyboard;
			sourceTree = "<group>";
		};
/* End PBXVariantGroup section */

/* Begin XCBuildConfiguration section */
		F0DE0A1A209D346E0006CDC2 /* Debug */ = {
			isa = XCBuildConfiguration;
			buildSettings = {
				ALWAYS_SEARCH_USER_PATHS = NO;
				CLANG_ANALYZER_NONNULL = YES;
				CLANG_ANALYZER_NUMBER_OBJECT_CONVERSION = YES_AGGRESSIVE;
				CLANG_CXX_LANGUAGE_STANDARD = "gnu++14";
				CLANG_CXX_LIBRARY = "libc++";
				CLANG_ENABLE_MODULES = YES;
				CLANG_ENABLE_OBJC_ARC = YES;
				CLANG_WARN_BLOCK_CAPTURE_AUTORELEASING = YES;
				CLANG_WARN_BOOL_CONVERSION = YES;
				CLANG_WARN_COMMA = YES;
				CLANG_WARN_CONSTANT_CONVERSION = YES;
				CLANG_WARN_DIRECT_OBJC_ISA_USAGE = YES_ERROR;
				CLANG_WARN_DOCUMENTATION_COMMENTS = YES;
				CLANG_WARN_EMPTY_BODY = YES;
				CLANG_WARN_ENUM_CONVERSION = YES;
				CLANG_WARN_INFINITE_RECURSION = YES;
				CLANG_WARN_INT_CONVERSION = YES;
				CLANG_WARN_NON_LITERAL_NULL_CONVERSION = YES;
				CLANG_WARN_OBJC_LITERAL_CONVERSION = YES;
				CLANG_WARN_OBJC_ROOT_CLASS = YES_ERROR;
				CLANG_WARN_RANGE_LOOP_ANALYSIS = YES;
				CLANG_WARN_STRICT_PROTOTYPES = YES;
				CLANG_WARN_SUSPICIOUS_MOVE = YES;
				CLANG_WARN_UNGUARDED_AVAILABILITY = YES_AGGRESSIVE;
				CLANG_WARN_UNREACHABLE_CODE = YES;
				CLANG_WARN__DUPLICATE_METHOD_MATCH = YES;
				CODE_SIGN_IDENTITY = "iPhone Developer";
				COPY_PHASE_STRIP = NO;
				DEBUG_INFORMATION_FORMAT = dwarf;
				ENABLE_STRICT_OBJC_MSGSEND = YES;
				ENABLE_TESTABILITY = YES;
				GCC_C_LANGUAGE_STANDARD = gnu11;
				GCC_DYNAMIC_NO_PIC = NO;
				GCC_NO_COMMON_BLOCKS = YES;
				GCC_OPTIMIZATION_LEVEL = 0;
				GCC_PREPROCESSOR_DEFINITIONS = (
					"DEBUG=1",
					"$(inherited)",
				);
				GCC_WARN_64_TO_32_BIT_CONVERSION = YES;
				GCC_WARN_ABOUT_RETURN_TYPE = YES_ERROR;
				GCC_WARN_UNDECLARED_SELECTOR = YES;
				GCC_WARN_UNINITIALIZED_AUTOS = YES_AGGRESSIVE;
				GCC_WARN_UNUSED_FUNCTION = YES;
				GCC_WARN_UNUSED_VARIABLE = YES;
				IPHONEOS_DEPLOYMENT_TARGET = 11.2;
				MTL_ENABLE_DEBUG_INFO = YES;
				ONLY_ACTIVE_ARCH = YES;
				SDKROOT = iphoneos;
				SWIFT_ACTIVE_COMPILATION_CONDITIONS = DEBUG;
				SWIFT_OPTIMIZATION_LEVEL = "-Onone";
			};
			name = Debug;
		};
		F0DE0A1B209D346E0006CDC2 /* Release */ = {
			isa = XCBuildConfiguration;
			buildSettings = {
				ALWAYS_SEARCH_USER_PATHS = NO;
				CLANG_ANALYZER_NONNULL = YES;
				CLANG_ANALYZER_NUMBER_OBJECT_CONVERSION = YES_AGGRESSIVE;
				CLANG_CXX_LANGUAGE_STANDARD = "gnu++14";
				CLANG_CXX_LIBRARY = "libc++";
				CLANG_ENABLE_MODULES = YES;
				CLANG_ENABLE_OBJC_ARC = YES;
				CLANG_WARN_BLOCK_CAPTURE_AUTORELEASING = YES;
				CLANG_WARN_BOOL_CONVERSION = YES;
				CLANG_WARN_COMMA = YES;
				CLANG_WARN_CONSTANT_CONVERSION = YES;
				CLANG_WARN_DIRECT_OBJC_ISA_USAGE = YES_ERROR;
				CLANG_WARN_DOCUMENTATION_COMMENTS = YES;
				CLANG_WARN_EMPTY_BODY = YES;
				CLANG_WARN_ENUM_CONVERSION = YES;
				CLANG_WARN_INFINITE_RECURSION = YES;
				CLANG_WARN_INT_CONVERSION = YES;
				CLANG_WARN_NON_LITERAL_NULL_CONVERSION = YES;
				CLANG_WARN_OBJC_LITERAL_CONVERSION = YES;
				CLANG_WARN_OBJC_ROOT_CLASS = YES_ERROR;
				CLANG_WARN_RANGE_LOOP_ANALYSIS = YES;
				CLANG_WARN_STRICT_PROTOTYPES = YES;
				CLANG_WARN_SUSPICIOUS_MOVE = YES;
				CLANG_WARN_UNGUARDED_AVAILABILITY = YES_AGGRESSIVE;
				CLANG_WARN_UNREACHABLE_CODE = YES;
				CLANG_WARN__DUPLICATE_METHOD_MATCH = YES;
				CODE_SIGN_IDENTITY = "iPhone Developer";
				COPY_PHASE_STRIP = NO;
				DEBUG_INFORMATION_FORMAT = "dwarf-with-dsym";
				ENABLE_NS_ASSERTIONS = NO;
				ENABLE_STRICT_OBJC_MSGSEND = YES;
				GCC_C_LANGUAGE_STANDARD = gnu11;
				GCC_NO_COMMON_BLOCKS = YES;
				GCC_WARN_64_TO_32_BIT_CONVERSION = YES;
				GCC_WARN_ABOUT_RETURN_TYPE = YES_ERROR;
				GCC_WARN_UNDECLARED_SELECTOR = YES;
				GCC_WARN_UNINITIALIZED_AUTOS = YES_AGGRESSIVE;
				GCC_WARN_UNUSED_FUNCTION = YES;
				GCC_WARN_UNUSED_VARIABLE = YES;
				IPHONEOS_DEPLOYMENT_TARGET = 11.2;
				MTL_ENABLE_DEBUG_INFO = NO;
				SDKROOT = iphoneos;
				SWIFT_OPTIMIZATION_LEVEL = "-Owholemodule";
				VALIDATE_PRODUCT = YES;
			};
			name = Release;
		};
		F0DE0A1D209D346E0006CDC2 /* Debug */ = {
			isa = XCBuildConfiguration;
			buildSettings = {
				ASSETCATALOG_COMPILER_APPICON_NAME = AppIcon;
				CLANG_ENABLE_MODULES = YES;
				CODE_SIGN_STYLE = Automatic;
				DEVELOPMENT_TEAM = 6JNNVVHR28;
				INFOPLIST_FILE = marvelproj/Info.plist;
				LD_RUNPATH_SEARCH_PATHS = "$(inherited) @executable_path/Frameworks";
				PRODUCT_BUNDLE_IDENTIFIER = com.andre.marvelproj;
				PRODUCT_NAME = "$(TARGET_NAME)";
				SWIFT_OBJC_BRIDGING_HEADER = "marvelproj/marvelproj-Bridging-Header.h";
				SWIFT_OPTIMIZATION_LEVEL = "-Onone";
				SWIFT_VERSION = 3.0;
				TARGETED_DEVICE_FAMILY = "1,2";
			};
			name = Debug;
		};
		F0DE0A1E209D346E0006CDC2 /* Release */ = {
			isa = XCBuildConfiguration;
			buildSettings = {
				ASSETCATALOG_COMPILER_APPICON_NAME = AppIcon;
				CLANG_ENABLE_MODULES = YES;
				CODE_SIGN_STYLE = Automatic;
				DEVELOPMENT_TEAM = 6JNNVVHR28;
				INFOPLIST_FILE = marvelproj/Info.plist;
				LD_RUNPATH_SEARCH_PATHS = "$(inherited) @executable_path/Frameworks";
				PRODUCT_BUNDLE_IDENTIFIER = com.andre.marvelproj;
				PRODUCT_NAME = "$(TARGET_NAME)";
				SWIFT_OBJC_BRIDGING_HEADER = "marvelproj/marvelproj-Bridging-Header.h";
				SWIFT_VERSION = 3.0;
				TARGETED_DEVICE_FAMILY = "1,2";
			};
			name = Release;
		};
		F0DE0A20209D346E0006CDC2 /* Debug */ = {
			isa = XCBuildConfiguration;
			buildSettings = {
				ALWAYS_EMBED_SWIFT_STANDARD_LIBRARIES = YES;
				BUNDLE_LOADER = "$(TEST_HOST)";
				CODE_SIGN_STYLE = Automatic;
				INFOPLIST_FILE = marvelprojTests/Info.plist;
				LD_RUNPATH_SEARCH_PATHS = "$(inherited) @executable_path/Frameworks @loader_path/Frameworks";
				PRODUCT_BUNDLE_IDENTIFIER = com.andre.marvelprojTests;
				PRODUCT_NAME = "$(TARGET_NAME)";
				SWIFT_VERSION = 4.0;
				TARGETED_DEVICE_FAMILY = "1,2";
				TEST_HOST = "$(BUILT_PRODUCTS_DIR)/marvelproj.app/marvelproj";
			};
			name = Debug;
		};
		F0DE0A21209D346E0006CDC2 /* Release */ = {
			isa = XCBuildConfiguration;
			buildSettings = {
				ALWAYS_EMBED_SWIFT_STANDARD_LIBRARIES = YES;
				BUNDLE_LOADER = "$(TEST_HOST)";
				CODE_SIGN_STYLE = Automatic;
				INFOPLIST_FILE = marvelprojTests/Info.plist;
				LD_RUNPATH_SEARCH_PATHS = "$(inherited) @executable_path/Frameworks @loader_path/Frameworks";
				PRODUCT_BUNDLE_IDENTIFIER = com.andre.marvelprojTests;
				PRODUCT_NAME = "$(TARGET_NAME)";
				SWIFT_VERSION = 4.0;
				TARGETED_DEVICE_FAMILY = "1,2";
				TEST_HOST = "$(BUILT_PRODUCTS_DIR)/marvelproj.app/marvelproj";
			};
			name = Release;
		};
/* End XCBuildConfiguration section */

/* Begin XCConfigurationList section */
		F0DE09FA209D346D0006CDC2 /* Build configuration list for PBXProject "marvelproj" */ = {
			isa = XCConfigurationList;
			buildConfigurations = (
				F0DE0A1A209D346E0006CDC2 /* Debug */,
				F0DE0A1B209D346E0006CDC2 /* Release */,
			);
			defaultConfigurationIsVisible = 0;
			defaultConfigurationName = Release;
		};
		F0DE0A1C209D346E0006CDC2 /* Build configuration list for PBXNativeTarget "marvelproj" */ = {
			isa = XCConfigurationList;
			buildConfigurations = (
				F0DE0A1D209D346E0006CDC2 /* Debug */,
				F0DE0A1E209D346E0006CDC2 /* Release */,
			);
			defaultConfigurationIsVisible = 0;
			defaultConfigurationName = Release;
		};
		F0DE0A1F209D346E0006CDC2 /* Build configuration list for PBXNativeTarget "marvelprojTests" */ = {
			isa = XCConfigurationList;
			buildConfigurations = (
				F0DE0A20209D346E0006CDC2 /* Debug */,
				F0DE0A21209D346E0006CDC2 /* Release */,
			);
			defaultConfigurationIsVisible = 0;
			defaultConfigurationName = Release;
		};
/* End XCConfigurationList section */

/* Begin XCVersionGroup section */
		F0D0EC0120A762DF00484E3A /* Favorite.xcdatamodeld */ = {
			isa = XCVersionGroup;
			children = (
				F0D0EC0220A762DF00484E3A /* Favorite.xcdatamodel */,
			);
			currentVersion = F0D0EC0220A762DF00484E3A /* Favorite.xcdatamodel */;
			path = Favorite.xcdatamodeld;
			sourceTree = "<group>";
			versionGroupType = wrapper.xcdatamodel;
		};
/* End XCVersionGroup section */
	};
	rootObject = F0DE09F7209D346D0006CDC2 /* Project object */;
}
